{
  "version": 4,
  "terraform_version": "1.9.8",
  "serial": 53,
  "lineage": "aaf89f56-c943-3dad-2cef-97aac87b8bf9",
  "outputs": {
    "cognito_temporary_password": {
      "value": "@temporaryPass123",
      "type": "string",
      "sensitive": true
    },
    "cognito_user_pool_id": {
      "value": "us-east-1_5JR4wnzea",
      "type": "string"
    },
    "cognito_username": {
      "value": "fiap-test",
      "type": "string"
    },
    "pem": {
      "value": "-----BEGIN RSA PRIVATE KEY-----\nMIIEpAIBAAKCAQEA3GEtYdBj8myStIKyXn6r7RtD51GDaAWGRnWy1k+1C59tIsCN\nBxTjcCHodfrWvUpkf+1Fg7w5v1hdjK/062covIVcki4R9R8O/OKVUVrn7CP5TrCI\nr9iEGY80JckmGHFjRXWW11fCIzLztgv9pGQPP5gXoOogSvAOBYOgLW99x0eqJ6aX\nj2dlkuzeejYiRXNZh16g3XsY3QtCxP1N4OeLkvlLtoeKOrtJczHGFNRVB2ztEsSt\n/EMRvUVKixyHYCLGPHRAFovpCYv5uyLd8rkp6CtkptfmPFHjjaEtEtbViDU08H9H\nLRrsojeHjvxM2D0Ydqi+cVWGllvps+UBKv4LNQIDAQABAoIBAQCWEA3o9w+3ubrD\n8+MleTf1AoXgc575LBnczLR0Pl5Xhb241kixs8WTS2ORQrcKuido/NZC996Srsc0\nz3QE/3+7r0vzti9ALF/2TwvCFBass2pF7OuGYfbBuMOXnzqzljI0z/dgtz9Y3I8b\nPVr/n6rKcPRV/Fb08DV8B78AcVTCZoRf7Nbxmgj5leCSSZ9IM2UecR+uNW7Gi6JE\n1ZfnhQdfmiggA41TEVatiyhLtqt4lY1BcJAYKdn4qPEnIdS9ZAQY2ndhXjknVRLO\ntEDX+9dTDPYQg7NM+xDfmBXIXbVGFH+xmW3hN7UrPUbS6zxzX5TFcGvewkSFs55m\nbWJbSR9ZAoGBAPjphXvGFwYhp0H08IG+pTzcIGsL8MQfubcBq7C6LPDPl9x9uaiw\n0IYgTRtGj0vcp9UgJPlz36x8bnWDpyflgS0AUv7kjuwktOjVCcsWZEV99MOMqSUH\nxMJlS0oUFLTNz5I/NcYuTYyIOVhoivrDyOT3+62rmKdOEdC0yYxZ3qwnAoGBAOKn\nqejAWQsPTEbCC0b09Gy3yCDH1tQFx85rTyeFuJpkd1C2vyRPDlqmPCmIcEtQX3oY\nPstZQcdJy2IOc5KJ92uomuoXmjCSSiQGm1G7aUiySTWaHvIfcElyiciDN/KPutA3\npH0i+rn6A8Vvg8L15plTEkBDsGS/34L8K96v5jtDAoGBAKVySphHxbv8mHj9vvLu\nblRymFWuvR0PXVjoEl/Ij+CMi4syQjp/NEtCox3TG6I4C5Jc6Faqj2zN1HnlxTB+\nmwr3YTMtZlZN27W7DORhgMqz+wITt8X2UPFJdO7LRCwddK/nte2Bj2guj7dU3bPq\neNjAgBgiq7fg63SHBkR0484XAoGAIs48eVGQWvJudC84LB1Rq6BNSztk8goxNLGl\n5hvSzWLAL9TgZWL+gU0lz/rzw50EDGvMuM1sHH5ojRZLCSXGqPGrWGdndi4A1Kdv\nEo4FDPTT6TdRqTzKsXy1S+VaohUQSwlAaTcF6alLCvak9Tttvf3Tv6qlW9NbL3Iq\nCnhYkqECgYBYkDDBB1HqjN7MCYDwriUus3DPi6YfsmUXC+4VepZmE8M9/P/L++d7\nf/xACEUo5mt1juVlH/p53HdWNrPKNaGn+rNfOvkkk/qjjhsVMgOKDpPsb6Tk0Efr\nzzTyokPMlTEFnrwktYipx0d8Tbwg+IAYroDaWsZOyTeFI6tGA5oEvw==\n-----END RSA PRIVATE KEY-----\n",
      "type": "string",
      "sensitive": true
    },
    "postgres_rds_payment_endpoint": {
      "value": "payment-postgres.cx4yuqsy6ks0.us-east-1.rds.amazonaws.com:5432",
      "type": "string"
    },
    "postgres_rds_product_endpoint": {
      "value": "product-postgres.cx4yuqsy6ks0.us-east-1.rds.amazonaws.com:5432",
      "type": "string"
    }
  },
  "resources": [
    {
      "mode": "data",
      "type": "aws_subnet",
      "name": "subnet",
      "provider": "provider[\"registry.terraform.io/hashicorp/aws\"]",
      "instances": [
        {
          "index_key": "subnet-000e93bf04371f139",
          "schema_version": 0,
          "attributes": {
            "arn": "arn:aws:ec2:us-east-1:640168416591:subnet/subnet-000e93bf04371f139",
            "assign_ipv6_address_on_creation": false,
            "availability_zone": "us-east-1e",
            "availability_zone_id": "use1-az3",
            "available_ip_address_count": 4091,
            "cidr_block": "172.31.48.0/20",
            "customer_owned_ipv4_pool": "",
            "default_for_az": true,
            "enable_dns64": false,
            "enable_lni_at_device_index": 0,
            "enable_resource_name_dns_a_record_on_launch": false,
            "enable_resource_name_dns_aaaa_record_on_launch": false,
            "filter": null,
            "id": "subnet-000e93bf04371f139",
            "ipv6_cidr_block": "",
            "ipv6_cidr_block_association_id": "",
            "ipv6_native": false,
            "map_customer_owned_ip_on_launch": false,
            "map_public_ip_on_launch": true,
            "outpost_arn": "",
            "owner_id": "640168416591",
            "private_dns_hostname_type_on_launch": "ip-name",
            "state": "available",
            "tags": {},
            "timeouts": null,
            "vpc_id": "vpc-0acdf9fd58fa5fede"
          },
          "sensitive_attributes": []
        },
        {
          "index_key": "subnet-045e7dff5d07dcd0f",
          "schema_version": 0,
          "attributes": {
            "arn": "arn:aws:ec2:us-east-1:640168416591:subnet/subnet-045e7dff5d07dcd0f",
            "assign_ipv6_address_on_creation": false,
            "availability_zone": "us-east-1c",
            "availability_zone_id": "use1-az1",
            "available_ip_address_count": 4091,
            "cidr_block": "172.31.0.0/20",
            "customer_owned_ipv4_pool": "",
            "default_for_az": true,
            "enable_dns64": false,
            "enable_lni_at_device_index": 0,
            "enable_resource_name_dns_a_record_on_launch": false,
            "enable_resource_name_dns_aaaa_record_on_launch": false,
            "filter": null,
            "id": "subnet-045e7dff5d07dcd0f",
            "ipv6_cidr_block": "",
            "ipv6_cidr_block_association_id": "",
            "ipv6_native": false,
            "map_customer_owned_ip_on_launch": false,
            "map_public_ip_on_launch": true,
            "outpost_arn": "",
            "owner_id": "640168416591",
            "private_dns_hostname_type_on_launch": "ip-name",
            "state": "available",
            "tags": {},
            "timeouts": null,
            "vpc_id": "vpc-0acdf9fd58fa5fede"
          },
          "sensitive_attributes": []
        },
        {
          "index_key": "subnet-0a7bf6b56c5f87a7b",
          "schema_version": 0,
          "attributes": {
            "arn": "arn:aws:ec2:us-east-1:640168416591:subnet/subnet-0a7bf6b56c5f87a7b",
            "assign_ipv6_address_on_creation": false,
            "availability_zone": "us-east-1a",
            "availability_zone_id": "use1-az4",
            "available_ip_address_count": 4091,
            "cidr_block": "172.31.16.0/20",
            "customer_owned_ipv4_pool": "",
            "default_for_az": true,
            "enable_dns64": false,
            "enable_lni_at_device_index": 0,
            "enable_resource_name_dns_a_record_on_launch": false,
            "enable_resource_name_dns_aaaa_record_on_launch": false,
            "filter": null,
            "id": "subnet-0a7bf6b56c5f87a7b",
            "ipv6_cidr_block": "",
            "ipv6_cidr_block_association_id": "",
            "ipv6_native": false,
            "map_customer_owned_ip_on_launch": false,
            "map_public_ip_on_launch": true,
            "outpost_arn": "",
            "owner_id": "640168416591",
            "private_dns_hostname_type_on_launch": "ip-name",
            "state": "available",
            "tags": {},
            "timeouts": null,
            "vpc_id": "vpc-0acdf9fd58fa5fede"
          },
          "sensitive_attributes": []
        },
        {
          "index_key": "subnet-0c9f95d356256e45c",
          "schema_version": 0,
          "attributes": {
            "arn": "arn:aws:ec2:us-east-1:640168416591:subnet/subnet-0c9f95d356256e45c",
            "assign_ipv6_address_on_creation": false,
            "availability_zone": "us-east-1d",
            "availability_zone_id": "use1-az2",
            "available_ip_address_count": 4091,
            "cidr_block": "172.31.80.0/20",
            "customer_owned_ipv4_pool": "",
            "default_for_az": true,
            "enable_dns64": false,
            "enable_lni_at_device_index": 0,
            "enable_resource_name_dns_a_record_on_launch": false,
            "enable_resource_name_dns_aaaa_record_on_launch": false,
            "filter": null,
            "id": "subnet-0c9f95d356256e45c",
            "ipv6_cidr_block": "",
            "ipv6_cidr_block_association_id": "",
            "ipv6_native": false,
            "map_customer_owned_ip_on_launch": false,
            "map_public_ip_on_launch": true,
            "outpost_arn": "",
            "owner_id": "640168416591",
            "private_dns_hostname_type_on_launch": "ip-name",
            "state": "available",
            "tags": {},
            "timeouts": null,
            "vpc_id": "vpc-0acdf9fd58fa5fede"
          },
          "sensitive_attributes": []
        },
        {
          "index_key": "subnet-0e110609bf139a177",
          "schema_version": 0,
          "attributes": {
            "arn": "arn:aws:ec2:us-east-1:640168416591:subnet/subnet-0e110609bf139a177",
            "assign_ipv6_address_on_creation": false,
            "availability_zone": "us-east-1f",
            "availability_zone_id": "use1-az5",
            "available_ip_address_count": 4091,
            "cidr_block": "172.31.64.0/20",
            "customer_owned_ipv4_pool": "",
            "default_for_az": true,
            "enable_dns64": false,
            "enable_lni_at_device_index": 0,
            "enable_resource_name_dns_a_record_on_launch": false,
            "enable_resource_name_dns_aaaa_record_on_launch": false,
            "filter": null,
            "id": "subnet-0e110609bf139a177",
            "ipv6_cidr_block": "",
            "ipv6_cidr_block_association_id": "",
            "ipv6_native": false,
            "map_customer_owned_ip_on_launch": false,
            "map_public_ip_on_launch": true,
            "outpost_arn": "",
            "owner_id": "640168416591",
            "private_dns_hostname_type_on_launch": "ip-name",
            "state": "available",
            "tags": {},
            "timeouts": null,
            "vpc_id": "vpc-0acdf9fd58fa5fede"
          },
          "sensitive_attributes": []
        },
        {
          "index_key": "subnet-0f0336b614208ac0d",
          "schema_version": 0,
          "attributes": {
            "arn": "arn:aws:ec2:us-east-1:640168416591:subnet/subnet-0f0336b614208ac0d",
            "assign_ipv6_address_on_creation": false,
            "availability_zone": "us-east-1b",
            "availability_zone_id": "use1-az6",
            "available_ip_address_count": 4091,
            "cidr_block": "172.31.32.0/20",
            "customer_owned_ipv4_pool": "",
            "default_for_az": true,
            "enable_dns64": false,
            "enable_lni_at_device_index": 0,
            "enable_resource_name_dns_a_record_on_launch": false,
            "enable_resource_name_dns_aaaa_record_on_launch": false,
            "filter": null,
            "id": "subnet-0f0336b614208ac0d",
            "ipv6_cidr_block": "",
            "ipv6_cidr_block_association_id": "",
            "ipv6_native": false,
            "map_customer_owned_ip_on_launch": false,
            "map_public_ip_on_launch": true,
            "outpost_arn": "",
            "owner_id": "640168416591",
            "private_dns_hostname_type_on_launch": "ip-name",
            "state": "available",
            "tags": {},
            "timeouts": null,
            "vpc_id": "vpc-0acdf9fd58fa5fede"
          },
          "sensitive_attributes": []
        }
      ]
    },
    {
      "mode": "data",
      "type": "aws_subnets",
      "name": "subnets",
      "provider": "provider[\"registry.terraform.io/hashicorp/aws\"]",
      "instances": [
        {
          "schema_version": 0,
          "attributes": {
            "filter": [
              {
                "name": "vpc-id",
                "values": [
                  "vpc-0acdf9fd58fa5fede"
                ]
              }
            ],
            "id": "us-east-1",
            "ids": [
              "subnet-0f0336b614208ac0d",
              "subnet-0e110609bf139a177",
              "subnet-045e7dff5d07dcd0f",
              "subnet-0c9f95d356256e45c",
              "subnet-000e93bf04371f139",
              "subnet-0a7bf6b56c5f87a7b"
            ],
            "tags": null,
            "timeouts": null
          },
          "sensitive_attributes": []
        }
      ]
    },
    {
      "mode": "data",
      "type": "aws_vpc",
      "name": "vpc",
      "provider": "provider[\"registry.terraform.io/hashicorp/aws\"]",
      "instances": [
        {
          "schema_version": 0,
          "attributes": {
            "arn": "arn:aws:ec2:us-east-1:640168416591:vpc/vpc-0acdf9fd58fa5fede",
            "cidr_block": "172.31.0.0/16",
            "cidr_block_associations": [
              {
                "association_id": "vpc-cidr-assoc-024800d4981089df5",
                "cidr_block": "172.31.0.0/16",
                "state": "associated"
              }
            ],
            "default": true,
            "dhcp_options_id": "dopt-049a05c725d9bc88d",
            "enable_dns_hostnames": true,
            "enable_dns_support": true,
            "enable_network_address_usage_metrics": false,
            "filter": null,
            "id": "vpc-0acdf9fd58fa5fede",
            "instance_tenancy": "default",
            "ipv6_association_id": "",
            "ipv6_cidr_block": "",
            "main_route_table_id": "rtb-08dd26a3e9753cad8",
            "owner_id": "640168416591",
            "state": null,
            "tags": {},
            "timeouts": null
          },
          "sensitive_attributes": []
        }
      ]
    },
    {
      "mode": "managed",
      "type": "aws_api_gateway_authorizer",
      "name": "cognito_authorizer",
      "provider": "provider[\"registry.terraform.io/hashicorp/aws\"]",
      "instances": [
        {
          "schema_version": 0,
          "attributes": {
            "arn": "arn:aws:apigateway:us-east-1::/restapis/lllxndteq6/authorizers/tnidli",
            "authorizer_credentials": "",
            "authorizer_result_ttl_in_seconds": 300,
            "authorizer_uri": "",
            "id": "tnidli",
            "identity_source": "method.request.header.Authorization",
            "identity_validation_expression": "",
            "name": "CognitoAuthorizer",
            "provider_arns": [
              "arn:aws:cognito-idp:us-east-1:640168416591:userpool/us-east-1_5JR4wnzea"
            ],
            "rest_api_id": "lllxndteq6",
            "type": "COGNITO_USER_POOLS"
          },
          "sensitive_attributes": [],
          "private": "bnVsbA==",
          "dependencies": [
            "aws_api_gateway_rest_api.api_gateway",
            "aws_cognito_user_pool.fastfood_user_pool"
          ]
        }
      ]
    },
    {
      "mode": "managed",
      "type": "aws_api_gateway_integration",
      "name": "auth_integration",
      "provider": "provider[\"registry.terraform.io/hashicorp/aws\"]",
      "instances": [
        {
          "schema_version": 0,
          "attributes": {
            "cache_key_parameters": null,
            "cache_namespace": "yvo60r",
            "connection_id": "",
            "connection_type": "INTERNET",
            "content_handling": "",
            "credentials": "",
            "http_method": "GET",
            "id": "agi-lllxndteq6-yvo60r-GET",
            "integration_http_method": "POST",
            "passthrough_behavior": "WHEN_NO_MATCH",
            "request_parameters": null,
            "request_templates": null,
            "resource_id": "yvo60r",
            "rest_api_id": "lllxndteq6",
            "timeout_milliseconds": 29000,
            "tls_config": [],
            "type": "AWS_PROXY",
            "uri": "arn:aws:apigateway:us-east-1:lambda:path/2015-03-31/functions/arn:aws:lambda:us-east-1:640168416591:function:authFunction/invocations"
          },
          "sensitive_attributes": [],
          "private": "bnVsbA==",
          "dependencies": [
            "aws_api_gateway_authorizer.cognito_authorizer",
            "aws_api_gateway_method.auth_method",
            "aws_api_gateway_resource.auth_resource",
            "aws_api_gateway_rest_api.api_gateway",
            "aws_cognito_user_pool.fastfood_user_pool",
            "aws_cognito_user_pool_client.fastfood_app_client",
            "aws_iam_role.lambda_exec_role",
            "aws_lambda_function.auth_function"
          ]
        }
      ]
    },
    {
      "mode": "managed",
      "type": "aws_api_gateway_method",
      "name": "auth_method",
      "provider": "provider[\"registry.terraform.io/hashicorp/aws\"]",
      "instances": [
        {
          "schema_version": 0,
          "attributes": {
            "api_key_required": false,
            "authorization": "COGNITO_USER_POOLS",
            "authorization_scopes": null,
            "authorizer_id": "tnidli",
            "http_method": "GET",
            "id": "agm-lllxndteq6-yvo60r-GET",
            "operation_name": null,
            "request_models": null,
            "request_parameters": null,
            "request_validator_id": null,
            "resource_id": "yvo60r",
            "rest_api_id": "lllxndteq6"
          },
          "sensitive_attributes": [],
          "private": "bnVsbA==",
          "dependencies": [
            "aws_api_gateway_authorizer.cognito_authorizer",
            "aws_api_gateway_resource.auth_resource",
            "aws_api_gateway_rest_api.api_gateway",
            "aws_cognito_user_pool.fastfood_user_pool"
          ]
        }
      ]
    },
    {
      "mode": "managed",
      "type": "aws_api_gateway_resource",
      "name": "auth_resource",
      "provider": "provider[\"registry.terraform.io/hashicorp/aws\"]",
      "instances": [
        {
          "schema_version": 0,
          "attributes": {
            "id": "yvo60r",
            "parent_id": "749q8cz5nj",
            "path": "/auth",
            "path_part": "auth",
            "rest_api_id": "lllxndteq6"
          },
          "sensitive_attributes": [],
          "private": "bnVsbA==",
          "dependencies": [
            "aws_api_gateway_rest_api.api_gateway"
          ]
        }
      ]
    },
    {
      "mode": "managed",
      "type": "aws_api_gateway_rest_api",
      "name": "api_gateway",
      "provider": "provider[\"registry.terraform.io/hashicorp/aws\"]",
      "instances": [
        {
          "schema_version": 0,
          "attributes": {
            "api_key_source": "HEADER",
            "arn": "arn:aws:apigateway:us-east-1::/restapis/lllxndteq6",
            "binary_media_types": [],
            "body": null,
            "created_date": "2025-02-16T21:44:24Z",
            "description": "API de autenticação para o Fastfood",
            "disable_execute_api_endpoint": false,
            "endpoint_configuration": [
              {
                "types": [
                  "EDGE"
                ],
                "vpc_endpoint_ids": []
              }
            ],
            "execution_arn": "arn:aws:execute-api:us-east-1:640168416591:lllxndteq6",
            "fail_on_warnings": null,
            "id": "lllxndteq6",
            "minimum_compression_size": "",
            "name": "AuthAPI",
            "parameters": null,
            "policy": "",
            "put_rest_api_mode": null,
            "root_resource_id": "749q8cz5nj",
            "tags": null,
            "tags_all": {}
          },
          "sensitive_attributes": [],
          "private": "bnVsbA==",
          "create_before_destroy": true
        }
      ]
    },
    {
      "mode": "managed",
      "type": "aws_cognito_user_pool",
      "name": "fastfood_user_pool",
      "provider": "provider[\"registry.terraform.io/hashicorp/aws\"]",
      "instances": [
        {
          "schema_version": 0,
          "attributes": {
            "account_recovery_setting": [
              {
                "recovery_mechanism": [
                  {
                    "name": "verified_email",
                    "priority": 1
                  },
                  {
                    "name": "verified_phone_number",
                    "priority": 2
                  }
                ]
              }
            ],
            "admin_create_user_config": [
              {
                "allow_admin_create_user_only": false,
                "invite_message_template": []
              }
            ],
            "alias_attributes": null,
            "arn": "arn:aws:cognito-idp:us-east-1:640168416591:userpool/us-east-1_5JR4wnzea",
            "auto_verified_attributes": null,
            "creation_date": "2025-02-16T21:44:24Z",
            "custom_domain": "",
            "deletion_protection": "INACTIVE",
            "device_configuration": [],
            "domain": "",
            "email_configuration": [
              {
                "configuration_set": "",
                "email_sending_account": "COGNITO_DEFAULT",
                "from_email_address": "",
                "reply_to_email_address": "",
                "source_arn": ""
              }
            ],
            "email_mfa_configuration": [],
            "email_verification_message": "",
            "email_verification_subject": "",
            "endpoint": "cognito-idp.us-east-1.amazonaws.com/us-east-1_5JR4wnzea",
            "estimated_number_of_users": 0,
            "id": "us-east-1_5JR4wnzea",
            "lambda_config": [],
            "last_modified_date": "2025-02-16T21:44:24Z",
            "mfa_configuration": "OFF",
            "name": "fastfood-user-pool",
            "password_policy": [
              {
                "minimum_length": 8,
                "password_history_size": 0,
                "require_lowercase": true,
                "require_numbers": true,
                "require_symbols": true,
                "require_uppercase": true,
                "temporary_password_validity_days": 7
              }
            ],
            "schema": [
              {
                "attribute_data_type": "String",
                "developer_only_attribute": null,
                "mutable": true,
                "name": "custom:custom:cpf",
                "number_attribute_constraints": [],
                "required": false,
                "string_attribute_constraints": []
              }
            ],
            "sign_in_policy": [
              {
                "allowed_first_auth_factors": [
                  "PASSWORD"
                ]
              }
            ],
            "sms_authentication_message": "",
            "sms_configuration": [],
            "sms_verification_message": "",
            "software_token_mfa_configuration": [],
            "tags": null,
            "tags_all": {},
            "user_attribute_update_settings": [],
            "user_pool_add_ons": [],
            "user_pool_tier": "ESSENTIALS",
            "username_attributes": null,
            "username_configuration": [],
            "verification_message_template": [
              {
                "default_email_option": "CONFIRM_WITH_CODE",
                "email_message": "",
                "email_message_by_link": "",
                "email_subject": "",
                "email_subject_by_link": "",
                "sms_message": ""
              }
            ],
            "web_authn_configuration": []
          },
          "sensitive_attributes": [],
          "private": "bnVsbA==",
          "create_before_destroy": true
        }
      ]
    },
    {
      "mode": "managed",
      "type": "aws_cognito_user_pool_client",
      "name": "fastfood_app_client",
      "provider": "provider[\"registry.terraform.io/hashicorp/aws\"]",
      "instances": [
        {
          "schema_version": 0,
          "attributes": {
            "access_token_validity": 1,
            "allowed_oauth_flows": [],
            "allowed_oauth_flows_user_pool_client": false,
            "allowed_oauth_scopes": [],
            "analytics_configuration": [],
            "auth_session_validity": 3,
            "callback_urls": [],
            "client_secret": "",
            "default_redirect_uri": "",
            "enable_propagate_additional_user_context_data": false,
            "enable_token_revocation": true,
            "explicit_auth_flows": [
              "ALLOW_CUSTOM_AUTH",
              "ALLOW_REFRESH_TOKEN_AUTH",
              "ALLOW_USER_PASSWORD_AUTH"
            ],
            "generate_secret": false,
            "id": "6lo9vmfkgththvi8ifq5c6o4dg",
            "id_token_validity": 1,
            "logout_urls": [],
            "name": "fastfood-app-client",
            "prevent_user_existence_errors": "",
            "read_attributes": [],
            "refresh_token_validity": 60,
            "supported_identity_providers": [],
            "token_validity_units": [],
            "user_pool_id": "us-east-1_5JR4wnzea",
            "write_attributes": []
          },
          "sensitive_attributes": [
            [
              {
                "type": "get_attr",
                "value": "client_secret"
              }
            ]
          ],
          "dependencies": [
            "aws_cognito_user_pool.fastfood_user_pool"
          ],
          "create_before_destroy": true
        }
      ]
    },
    {
      "mode": "managed",
      "type": "aws_db_instance",
      "name": "postgres_rds_payment",
      "provider": "provider[\"registry.terraform.io/hashicorp/aws\"]",
      "instances": [
        {
          "schema_version": 2,
          "attributes": {
            "address": "payment-postgres.cx4yuqsy6ks0.us-east-1.rds.amazonaws.com",
            "allocated_storage": 20,
            "allow_major_version_upgrade": null,
            "apply_immediately": false,
            "arn": "arn:aws:rds:us-east-1:640168416591:db:payment-postgres",
            "auto_minor_version_upgrade": true,
            "availability_zone": "us-east-1d",
            "backup_retention_period": 0,
            "backup_target": "region",
            "backup_window": "05:02-05:32",
            "blue_green_update": [],
            "ca_cert_identifier": "rds-ca-rsa2048-g1",
            "character_set_name": "",
            "copy_tags_to_snapshot": false,
            "custom_iam_instance_profile": "",
            "customer_owned_ip_enabled": false,
            "db_name": "payment_db",
            "db_subnet_group_name": "my-rds-subnet-group-ms-product",
            "dedicated_log_volume": false,
            "delete_automated_backups": true,
            "deletion_protection": false,
            "domain": "",
            "domain_auth_secret_arn": "",
            "domain_dns_ips": null,
            "domain_fqdn": "",
            "domain_iam_role_name": "",
            "domain_ou": "",
            "enabled_cloudwatch_logs_exports": null,
            "endpoint": "payment-postgres.cx4yuqsy6ks0.us-east-1.rds.amazonaws.com:5432",
            "engine": "postgres",
            "engine_lifecycle_support": "open-source-rds-extended-support",
            "engine_version": "16",
            "engine_version_actual": "16.3",
            "final_snapshot_identifier": null,
            "hosted_zone_id": "Z2R2ITUGPM61AM",
            "iam_database_authentication_enabled": false,
            "id": "db-TZUOJHFKKBVX3M2EITRHWJLKQQ",
            "identifier": "payment-postgres",
            "identifier_prefix": "",
            "instance_class": "db.t3.micro",
            "iops": 0,
            "kms_key_id": "",
            "latest_restorable_time": "",
            "license_model": "postgresql-license",
            "listener_endpoint": [],
            "maintenance_window": "fri:07:16-fri:07:46",
            "manage_master_user_password": null,
            "master_user_secret": [],
            "master_user_secret_kms_key_id": null,
            "max_allocated_storage": 0,
            "monitoring_interval": 0,
            "monitoring_role_arn": "",
            "multi_az": false,
            "nchar_character_set_name": "",
            "network_type": "IPV4",
            "option_group_name": "default:postgres-16",
            "parameter_group_name": "default.postgres16",
            "password": "payment_pass",
            "performance_insights_enabled": false,
            "performance_insights_kms_key_id": "",
            "performance_insights_retention_period": 0,
            "port": 5432,
            "publicly_accessible": false,
            "replica_mode": "",
            "replicas": [],
            "replicate_source_db": "",
            "resource_id": "db-TZUOJHFKKBVX3M2EITRHWJLKQQ",
            "restore_to_point_in_time": [],
            "s3_import": [],
            "skip_final_snapshot": true,
            "snapshot_identifier": null,
            "status": "available",
            "storage_encrypted": false,
            "storage_throughput": 0,
            "storage_type": "gp2",
            "tags": null,
            "tags_all": {},
            "timeouts": null,
            "timezone": "",
            "upgrade_storage_config": null,
            "username": "payment_user",
            "vpc_security_group_ids": [
              "sg-0bf4f99d88cfad836"
            ]
          },
          "sensitive_attributes": [
            [
              {
                "type": "get_attr",
                "value": "password"
              }
            ]
          ],
          "private": "eyJlMmJmYjczMC1lY2FhLTExZTYtOGY4OC0zNDM2M2JjN2M0YzAiOnsiY3JlYXRlIjozMDAwMDAwMDAwMDAwLCJkZWxldGUiOjM2MDAwMDAwMDAwMDAsInVwZGF0ZSI6NDgwMDAwMDAwMDAwMH0sInNjaGVtYV92ZXJzaW9uIjoiMiJ9",
          "dependencies": [
            "aws_db_subnet_group.rds_subnet_group",
            "aws_security_group.rds_sg",
            "data.aws_subnet.subnet",
            "data.aws_subnets.subnets",
            "data.aws_vpc.vpc"
          ]
        }
      ]
    },
    {
      "mode": "managed",
      "type": "aws_db_instance",
      "name": "postgres_rds_product",
      "provider": "provider[\"registry.terraform.io/hashicorp/aws\"]",
      "instances": [
        {
          "schema_version": 2,
          "attributes": {
            "address": "product-postgres.cx4yuqsy6ks0.us-east-1.rds.amazonaws.com",
            "allocated_storage": 20,
            "allow_major_version_upgrade": null,
            "apply_immediately": false,
            "arn": "arn:aws:rds:us-east-1:640168416591:db:product-postgres",
            "auto_minor_version_upgrade": true,
            "availability_zone": "us-east-1d",
            "backup_retention_period": 0,
            "backup_target": "region",
            "backup_window": "05:37-06:07",
            "blue_green_update": [],
            "ca_cert_identifier": "rds-ca-rsa2048-g1",
            "character_set_name": "",
            "copy_tags_to_snapshot": false,
            "custom_iam_instance_profile": "",
            "customer_owned_ip_enabled": false,
            "db_name": "product_db",
            "db_subnet_group_name": "my-rds-subnet-group-ms-product",
            "dedicated_log_volume": false,
            "delete_automated_backups": true,
            "deletion_protection": false,
            "domain": "",
            "domain_auth_secret_arn": "",
            "domain_dns_ips": null,
            "domain_fqdn": "",
            "domain_iam_role_name": "",
            "domain_ou": "",
            "enabled_cloudwatch_logs_exports": null,
            "endpoint": "product-postgres.cx4yuqsy6ks0.us-east-1.rds.amazonaws.com:5432",
            "engine": "postgres",
            "engine_lifecycle_support": "open-source-rds-extended-support",
            "engine_version": "16",
            "engine_version_actual": "16.3",
            "final_snapshot_identifier": null,
            "hosted_zone_id": "Z2R2ITUGPM61AM",
            "iam_database_authentication_enabled": false,
            "id": "db-M3E3ZNPJPNDPZHKP76ZJUHHVM4",
            "identifier": "product-postgres",
            "identifier_prefix": "",
            "instance_class": "db.t3.micro",
            "iops": 0,
            "kms_key_id": "",
            "latest_restorable_time": "",
            "license_model": "postgresql-license",
            "listener_endpoint": [],
            "maintenance_window": "wed:06:10-wed:06:40",
            "manage_master_user_password": null,
            "master_user_secret": [],
            "master_user_secret_kms_key_id": null,
            "max_allocated_storage": 0,
            "monitoring_interval": 0,
            "monitoring_role_arn": "",
            "multi_az": false,
            "nchar_character_set_name": "",
            "network_type": "IPV4",
            "option_group_name": "default:postgres-16",
            "parameter_group_name": "default.postgres16",
            "password": "product_pass",
            "performance_insights_enabled": false,
            "performance_insights_kms_key_id": "",
            "performance_insights_retention_period": 0,
            "port": 5432,
            "publicly_accessible": false,
            "replica_mode": "",
            "replicas": [],
            "replicate_source_db": "",
            "resource_id": "db-M3E3ZNPJPNDPZHKP76ZJUHHVM4",
            "restore_to_point_in_time": [],
            "s3_import": [],
            "skip_final_snapshot": true,
            "snapshot_identifier": null,
            "status": "available",
            "storage_encrypted": false,
            "storage_throughput": 0,
            "storage_type": "gp2",
            "tags": null,
            "tags_all": {},
            "timeouts": null,
            "timezone": "",
            "upgrade_storage_config": null,
            "username": "product_user",
            "vpc_security_group_ids": [
              "sg-0bf4f99d88cfad836"
            ]
          },
          "sensitive_attributes": [
            [
              {
                "type": "get_attr",
                "value": "password"
              }
            ]
          ],
          "private": "eyJlMmJmYjczMC1lY2FhLTExZTYtOGY4OC0zNDM2M2JjN2M0YzAiOnsiY3JlYXRlIjozMDAwMDAwMDAwMDAwLCJkZWxldGUiOjM2MDAwMDAwMDAwMDAsInVwZGF0ZSI6NDgwMDAwMDAwMDAwMH0sInNjaGVtYV92ZXJzaW9uIjoiMiJ9",
          "dependencies": [
            "aws_db_subnet_group.rds_subnet_group",
            "aws_security_group.rds_sg",
            "data.aws_subnet.subnet",
            "data.aws_subnets.subnets",
            "data.aws_vpc.vpc"
          ]
        }
      ]
    },
    {
      "mode": "managed",
      "type": "aws_db_subnet_group",
      "name": "rds_subnet_group",
      "provider": "provider[\"registry.terraform.io/hashicorp/aws\"]",
      "instances": [
        {
          "schema_version": 0,
          "attributes": {
            "arn": "arn:aws:rds:us-east-1:640168416591:subgrp:my-rds-subnet-group-ms-product",
            "description": "Managed by Terraform",
            "id": "my-rds-subnet-group-ms-product",
            "name": "my-rds-subnet-group-ms-product",
            "name_prefix": "",
            "subnet_ids": [
              "subnet-045e7dff5d07dcd0f",
              "subnet-0a7bf6b56c5f87a7b",
              "subnet-0c9f95d356256e45c",
              "subnet-0e110609bf139a177",
              "subnet-0f0336b614208ac0d"
            ],
            "supported_network_types": [
              "IPV4"
            ],
            "tags": {
              "Name": "My RDS Subnet Group"
            },
            "tags_all": {
              "Name": "My RDS Subnet Group"
            },
            "vpc_id": "vpc-0acdf9fd58fa5fede"
          },
          "sensitive_attributes": [],
          "private": "bnVsbA==",
          "dependencies": [
            "data.aws_subnet.subnet",
            "data.aws_subnets.subnets",
            "data.aws_vpc.vpc"
          ]
        }
      ]
    },
    {
      "mode": "managed",
      "type": "aws_dynamodb_table",
      "name": "order_table",
      "provider": "provider[\"registry.terraform.io/hashicorp/aws\"]",
      "instances": [
        {
          "schema_version": 1,
          "attributes": {
            "arn": "arn:aws:dynamodb:us-east-1:640168416591:table/orders",
            "attribute": [
              {
                "name": "orderId",
                "type": "S"
              }
            ],
            "billing_mode": "PAY_PER_REQUEST",
            "deletion_protection_enabled": false,
            "global_secondary_index": [],
            "hash_key": "orderId",
            "id": "orders",
            "import_table": [],
            "local_secondary_index": [],
            "name": "orders",
            "on_demand_throughput": [],
            "point_in_time_recovery": [
              {
                "enabled": false
              }
            ],
            "range_key": null,
            "read_capacity": 0,
            "replica": [],
            "restore_date_time": null,
            "restore_source_name": null,
            "restore_source_table_arn": null,
            "restore_to_latest_time": null,
            "server_side_encryption": [],
            "stream_arn": "",
            "stream_enabled": false,
            "stream_label": "",
            "stream_view_type": "",
            "table_class": "STANDARD",
            "tags": {
              "Name": "orders"
            },
            "tags_all": {
              "Name": "orders"
            },
            "timeouts": null,
            "ttl": [
              {
                "attribute_name": "",
                "enabled": false
              }
            ],
            "write_capacity": 0
          },
          "sensitive_attributes": [],
          "private": "eyJlMmJmYjczMC1lY2FhLTExZTYtOGY4OC0zNDM2M2JjN2M0YzAiOnsiY3JlYXRlIjoxODAwMDAwMDAwMDAwLCJkZWxldGUiOjYwMDAwMDAwMDAwMCwidXBkYXRlIjozNjAwMDAwMDAwMDAwfSwic2NoZW1hX3ZlcnNpb24iOiIxIn0="
        }
      ]
    },
    {
      "mode": "managed",
      "type": "aws_eks_cluster",
      "name": "cluster-k8s",
      "provider": "provider[\"registry.terraform.io/hashicorp/aws\"]",
      "instances": [
        {
          "schema_version": 1,
          "attributes": {
            "access_config": [
              {
                "authentication_mode": "API_AND_CONFIG_MAP",
                "bootstrap_cluster_creator_admin_permissions": false
              }
            ],
            "arn": "arn:aws:eks:us-east-1:640168416591:cluster/fastfood-cluster",
            "bootstrap_self_managed_addons": true,
            "certificate_authority": [
              {
                "data": "LS0tLS1CRUdJTiBDRVJUSUZJQ0FURS0tLS0tCk1JSURCVENDQWUyZ0F3SUJBZ0lJT1R6ejgzbkxjbFF3RFFZSktvWklodmNOQVFFTEJRQXdGVEVUTUJFR0ExVUUKQXhNS2EzVmlaWEp1WlhSbGN6QWVGdzB5TlRBeU1UWXlNVFEwTVRCYUZ3MHpOVEF5TVRReU1UUTVNVEJhTUJVeApFekFSQmdOVkJBTVRDbXQxWW1WeWJtVjBaWE13Z2dFaU1BMEdDU3FHU0liM0RRRUJBUVVBQTRJQkR3QXdnZ0VLCkFvSUJBUUM5QTZhbXJuajMxUENLeHFNYzNzejhDL050dmJtZUNzTmNBdzRncmlIUGV0c01tWHpKdnJjTUprYjcKckJvL0dwRlVWdHgzM0t3OTZQVzRHZEJreEdCaGdvMmpYbzljV05UTUtQcW5jdVdjaUNsOC9kTmxaR3ZGU0gzcgo1dmdtVWM4RjRjVTdhc3RxeTU3S2xLczdLR2dwTStJVVlwZFh4dVZRTVB0cTBQS1dPL3hkVmhXM1Frd28vci9hCjBVcWZUMDI2ZUgwblo1WXpuUmdVdmdWSkcrWG1YWUJ6RG5wZDR4MjZSZ3o0OS9ocm03VWczcW43cGxvVzBWN0QKaW9HQTdSZ3RIM1Y1SmVna2ZRbis0NkNaSTVvaUw4Y1FpcVg2YWV3WFRqbVZHdjFaVGJ3ODIvcCs3ZXdWQnNTRwpYcEZGSEZOM3ZMbCt1OXhXcXFyM0I3OEtVcEMzQWdNQkFBR2pXVEJYTUE0R0ExVWREd0VCL3dRRUF3SUNwREFQCkJnTlZIUk1CQWY4RUJUQURBUUgvTUIwR0ExVWREZ1FXQkJRTFU2OERybE9XaHRWT3ltbFdwdnRYdHN5RDVqQVYKQmdOVkhSRUVEakFNZ2dwcmRXSmxjbTVsZEdWek1BMEdDU3FHU0liM0RRRUJDd1VBQTRJQkFRQTNXS3AxVFNKQQpINGxEWS9qZUtTcWFHUmRaVGxYd0NzMll3VW01Rm9CcG5OYm9VcW90a1ozSnlJSzg4RlloT1BGczVybGptRVQxCm9rQ0VmZUpMWkNYbEdGTWt1Q2g3WnBzZmt5N0d0NVZZMEx3ZHkvUVZmNjZIRWd2MEFkY2RnVHQvMzZDd2g3dnIKS29wRk1uTjFvbmNRRVJnb3l5UktSNXNqVHgwQzI2NUpwblhBMjkxMDd6MkVOQW92YnJ3WE5Qa3gyQmdKYTNqZwpXVWVnTmtJeTRpSjRSb0RqT1N0QW02WDhWZ1BQcytKNTlsME9BNjJ6bEwrY0k1Z29KaUMwZVhMakRCSnlrMmNHCngzenB1NGcxc04zbzlWV0VsRElxZ3djVWZsNlJSTU51YmNxK05KcjJYaXlzSXFod3FsRGh6VHFFSEZBcnpnRFIKU01QMHYwa2hVb3o5Ci0tLS0tRU5EIENFUlRJRklDQVRFLS0tLS0K"
              }
            ],
            "cluster_id": null,
            "compute_config": [],
            "created_at": "2025-02-16T21:44:29Z",
            "enabled_cluster_log_types": null,
            "encryption_config": [],
            "endpoint": "https://6F658407958FE9D4C2E00B0D7B1ACCB9.gr7.us-east-1.eks.amazonaws.com",
            "id": "fastfood-cluster",
            "identity": [
              {
                "oidc": [
                  {
                    "issuer": "https://oidc.eks.us-east-1.amazonaws.com/id/6F658407958FE9D4C2E00B0D7B1ACCB9"
                  }
                ]
              }
            ],
            "kubernetes_network_config": [
              {
                "elastic_load_balancing": [
                  {
                    "enabled": false
                  }
                ],
                "ip_family": "ipv4",
                "service_ipv4_cidr": "10.100.0.0/16",
                "service_ipv6_cidr": ""
              }
            ],
            "name": "fastfood-cluster",
            "outpost_config": [],
            "platform_version": "eks.19",
            "remote_network_config": [],
            "role_arn": "arn:aws:iam::640168416591:role/eks-cluster-role",
            "status": "ACTIVE",
            "storage_config": [],
            "tags": null,
            "tags_all": {},
            "timeouts": null,
            "upgrade_policy": [
              {
                "support_type": "EXTENDED"
              }
            ],
            "version": "1.31",
            "vpc_config": [
              {
                "cluster_security_group_id": "sg-0fd54977ba542c4bd",
                "endpoint_private_access": false,
                "endpoint_public_access": true,
                "public_access_cidrs": [
                  "0.0.0.0/0"
                ],
                "security_group_ids": [
                  "sg-01769dd18ffc5849e"
                ],
                "subnet_ids": [
                  "subnet-045e7dff5d07dcd0f",
                  "subnet-0a7bf6b56c5f87a7b",
                  "subnet-0c9f95d356256e45c",
                  "subnet-0e110609bf139a177",
                  "subnet-0f0336b614208ac0d"
                ],
                "vpc_id": "vpc-0acdf9fd58fa5fede"
              }
            ],
            "zonal_shift_config": []
          },
          "sensitive_attributes": [],
          "private": "eyJlMmJmYjczMC1lY2FhLTExZTYtOGY4OC0zNDM2M2JjN2M0YzAiOnsiY3JlYXRlIjoxODAwMDAwMDAwMDAwLCJkZWxldGUiOjkwMDAwMDAwMDAwMCwidXBkYXRlIjozNjAwMDAwMDAwMDAwfSwic2NoZW1hX3ZlcnNpb24iOiIxIn0=",
          "dependencies": [
            "aws_iam_role.eks_role",
            "aws_security_group.ssh_cluster_fastfood",
            "data.aws_subnet.subnet",
            "data.aws_subnets.subnets",
            "data.aws_vpc.vpc"
          ]
        }
      ]
    },
    {
      "mode": "managed",
      "type": "aws_eks_node_group",
      "name": "node-group",
      "provider": "provider[\"registry.terraform.io/hashicorp/aws\"]",
      "instances": [
        {
          "schema_version": 0,
          "attributes": {
            "ami_type": "AL2023_x86_64_STANDARD",
            "arn": "arn:aws:eks:us-east-1:640168416591:nodegroup/fastfood-cluster/NG-fastfood-cluster/30ca885f-67c2-5aba-49f8-8468aa7daa2b",
            "capacity_type": "ON_DEMAND",
            "cluster_name": "fastfood-cluster",
            "disk_size": 50,
            "force_update_version": null,
            "id": "fastfood-cluster:NG-fastfood-cluster",
            "instance_types": [
              "t3.medium"
            ],
            "labels": null,
            "launch_template": [],
            "node_group_name": "NG-fastfood-cluster",
            "node_group_name_prefix": "",
            "node_repair_config": [],
            "node_role_arn": "arn:aws:iam::640168416591:role/eks-node-role",
            "release_version": "1.31.4-20250203",
            "remote_access": [],
            "resources": [
              {
                "autoscaling_groups": [
                  {
                    "name": "eks-NG-fastfood-cluster-30ca885f-67c2-5aba-49f8-8468aa7daa2b"
                  }
                ],
                "remote_access_security_group_id": ""
              }
            ],
            "scaling_config": [
              {
                "desired_size": 2,
                "max_size": 5,
                "min_size": 2
              }
            ],
            "status": "ACTIVE",
            "subnet_ids": [
              "subnet-045e7dff5d07dcd0f",
              "subnet-0a7bf6b56c5f87a7b",
              "subnet-0c9f95d356256e45c",
              "subnet-0e110609bf139a177",
              "subnet-0f0336b614208ac0d"
            ],
            "tags": null,
            "tags_all": {},
            "taint": [],
            "timeouts": null,
            "update_config": [
              {
                "max_unavailable": 1,
                "max_unavailable_percentage": 0
              }
            ],
            "version": "1.31"
          },
          "sensitive_attributes": [],
          "private": "eyJlMmJmYjczMC1lY2FhLTExZTYtOGY4OC0zNDM2M2JjN2M0YzAiOnsiY3JlYXRlIjozNjAwMDAwMDAwMDAwLCJkZWxldGUiOjM2MDAwMDAwMDAwMDAsInVwZGF0ZSI6MzYwMDAwMDAwMDAwMH19",
          "dependencies": [
            "aws_eks_cluster.cluster-k8s",
            "aws_iam_role.eks_node_role",
            "aws_iam_role.eks_role",
            "aws_security_group.ssh_cluster_fastfood",
            "data.aws_subnet.subnet",
            "data.aws_subnets.subnets",
            "data.aws_vpc.vpc"
          ]
        }
      ]
    },
    {
      "mode": "managed",
      "type": "aws_iam_policy",
      "name": "custom_load_balancer_policy",
      "provider": "provider[\"registry.terraform.io/hashicorp/aws\"]",
      "instances": [
        {
          "schema_version": 0,
          "attributes": {
            "arn": "arn:aws:iam::640168416591:policy/CustomLoadBalancerPolicy",
            "attachment_count": 0,
            "description": "Custom policy for LoadBalancer access",
            "id": "arn:aws:iam::640168416591:policy/CustomLoadBalancerPolicy",
            "name": "CustomLoadBalancerPolicy",
            "name_prefix": "",
            "path": "/",
            "policy": "{\"Statement\":[{\"Action\":[\"elasticloadbalancing:*\",\"ec2:DescribeSubnets\",\"ec2:DescribeSecurityGroups\",\"ec2:CreateSecurityGroup\",\"ec2:CreateTags\",\"ec2:AuthorizeSecurityGroupIngress\",\"ec2:AuthorizeSecurityGroupEgress\",\"ec2:DeleteSecurityGroup\",\"ec2:RevokeSecurityGroupIngress\",\"ec2:RevokeSecurityGroupEgress\"],\"Effect\":\"Allow\",\"Resource\":\"*\"},{\"Action\":[\"ec2:DescribeInstances\"],\"Effect\":\"Allow\",\"Resource\":\"*\"}],\"Version\":\"2012-10-17\"}",
            "policy_id": "ANPAZKDIC2VHTQGU72PRD",
            "tags": null,
            "tags_all": {}
          },
          "sensitive_attributes": [],
          "private": "bnVsbA=="
        }
      ]
    },
    {
      "mode": "managed",
      "type": "aws_iam_policy",
      "name": "eks_node_policy",
      "provider": "provider[\"registry.terraform.io/hashicorp/aws\"]",
      "instances": [
        {
          "schema_version": 0,
          "attributes": {
            "arn": "arn:aws:iam::640168416591:policy/eks-node-policy",
            "attachment_count": 0,
            "description": "Policy for EKS nodes",
            "id": "arn:aws:iam::640168416591:policy/eks-node-policy",
            "name": "eks-node-policy",
            "name_prefix": "",
            "path": "/",
            "policy": "{\"Statement\":[{\"Action\":[\"ec2:Describe*\",\"eks:DescribeCluster\",\"ecr:GetAuthorizationToken\",\"autoscaling:DescribeAutoScalingGroups\",\"autoscaling:DescribeLaunchConfigurations\",\"autoscaling:CreateAutoScalingGroup\",\"autoscaling:UpdateAutoScalingGroup\",\"autoscaling:DeleteAutoScalingGroup\",\"iam:*\",\"eks:CreateFargateProfile\",\"eks:CreateNodegroup\",\"eks:DeleteFargateProfile\",\"eks:DeleteNodegroup\",\"eks:ListClusters\",\"eks:ListNodegroups\",\"eks:ListFargateProfiles\",\"ec2:CreateTags\",\"ec2:AssociatePublicIpAddress\",\"elasticnetworking:CreateNetworkInterface\",\"elasticnetworking:DeleteNetworkInterface\",\"elasticnetworking:DescribeNetworkInterfaces\",\"elasticnetworking:DescribeNetworkInterfaceAttributes\",\"elasticloadbalancing:*\",\"ec2:CreateSecurityGroup\",\"ec2:AuthorizeSecurityGroupIngress\",\"ec2:RevokeSecurityGroupIngress\"],\"Effect\":\"Allow\",\"Resource\":\"*\"}],\"Version\":\"2012-10-17\"}",
            "policy_id": "ANPAZKDIC2VHW6FFIKYKU",
            "tags": null,
            "tags_all": {}
          },
          "sensitive_attributes": [],
          "private": "bnVsbA=="
        }
      ]
    },
    {
      "mode": "managed",
      "type": "aws_iam_policy",
      "name": "rds_access_policy",
      "provider": "provider[\"registry.terraform.io/hashicorp/aws\"]",
      "instances": [
        {
          "schema_version": 0,
          "attributes": {
            "arn": "arn:aws:iam::640168416591:policy/rds-access-policy",
            "attachment_count": 0,
            "description": "Policy for accessing RDS",
            "id": "arn:aws:iam::640168416591:policy/rds-access-policy",
            "name": "rds-access-policy",
            "name_prefix": "",
            "path": "/",
            "policy": "{\"Statement\":[{\"Action\":[\"rds:DescribeDBInstances\",\"rds:Connect\"],\"Effect\":\"Allow\",\"Resource\":\"*\"}],\"Version\":\"2012-10-17\"}",
            "policy_id": "ANPAZKDIC2VH66DDC7U6M",
            "tags": null,
            "tags_all": {}
          },
          "sensitive_attributes": [],
          "private": "bnVsbA=="
        }
      ]
    },
    {
      "mode": "managed",
      "type": "aws_iam_role",
      "name": "eks_node_role",
      "provider": "provider[\"registry.terraform.io/hashicorp/aws\"]",
      "instances": [
        {
          "schema_version": 0,
          "attributes": {
            "arn": "arn:aws:iam::640168416591:role/eks-node-role",
            "assume_role_policy": "{\"Statement\":[{\"Action\":\"sts:AssumeRole\",\"Effect\":\"Allow\",\"Principal\":{\"Service\":[\"eks.amazonaws.com\",\"ec2.amazonaws.com\"]}}],\"Version\":\"2012-10-17\"}",
            "create_date": "2025-02-16T21:44:25Z",
            "description": "",
            "force_detach_policies": false,
            "id": "eks-node-role",
            "inline_policy": [],
            "managed_policy_arns": [],
            "max_session_duration": 3600,
            "name": "eks-node-role",
            "name_prefix": "",
            "path": "/",
            "permissions_boundary": "",
            "tags": null,
            "tags_all": {},
            "unique_id": "AROAZKDIC2VHWIYXDWARR"
          },
          "sensitive_attributes": [],
          "private": "bnVsbA=="
        }
      ]
    },
    {
      "mode": "managed",
      "type": "aws_iam_role",
      "name": "eks_role",
      "provider": "provider[\"registry.terraform.io/hashicorp/aws\"]",
      "instances": [
        {
          "schema_version": 0,
          "attributes": {
            "arn": "arn:aws:iam::640168416591:role/eks-cluster-role",
            "assume_role_policy": "{\"Statement\":[{\"Action\":\"sts:AssumeRole\",\"Effect\":\"Allow\",\"Principal\":{\"Service\":\"eks.amazonaws.com\"}}],\"Version\":\"2012-10-17\"}",
            "create_date": "2025-02-16T21:44:24Z",
            "description": "",
            "force_detach_policies": false,
            "id": "eks-cluster-role",
            "inline_policy": [],
            "managed_policy_arns": [],
            "max_session_duration": 3600,
            "name": "eks-cluster-role",
            "name_prefix": "",
            "path": "/",
            "permissions_boundary": "",
            "tags": null,
            "tags_all": {},
            "unique_id": "AROAZKDIC2VH7HVSYW6KE"
          },
          "sensitive_attributes": [],
          "private": "bnVsbA=="
        }
      ]
    },
    {
      "mode": "managed",
      "type": "aws_iam_role",
      "name": "lambda_exec_role",
      "provider": "provider[\"registry.terraform.io/hashicorp/aws\"]",
      "instances": [
        {
          "schema_version": 0,
          "attributes": {
            "arn": "arn:aws:iam::640168416591:role/lambda_exec_role",
            "assume_role_policy": "{\"Statement\":[{\"Action\":\"sts:AssumeRole\",\"Effect\":\"Allow\",\"Principal\":{\"Service\":\"lambda.amazonaws.com\"}}],\"Version\":\"2012-10-17\"}",
            "create_date": "2025-02-16T21:44:24Z",
            "description": "",
            "force_detach_policies": false,
            "id": "lambda_exec_role",
            "inline_policy": [],
            "managed_policy_arns": [],
            "max_session_duration": 3600,
            "name": "lambda_exec_role",
            "name_prefix": "",
            "path": "/",
            "permissions_boundary": "",
            "tags": null,
            "tags_all": {},
            "unique_id": "AROAZKDIC2VH5VPWREYLG"
          },
          "sensitive_attributes": [],
          "private": "bnVsbA==",
          "create_before_destroy": true
        }
      ]
    },
    {
      "mode": "managed",
      "type": "aws_iam_role",
      "name": "rds_access_role",
      "provider": "provider[\"registry.terraform.io/hashicorp/aws\"]",
      "instances": [
        {
          "schema_version": 0,
          "attributes": {
            "arn": "arn:aws:iam::640168416591:role/rds-access-role",
            "assume_role_policy": "{\"Statement\":[{\"Action\":\"sts:AssumeRole\",\"Effect\":\"Allow\",\"Principal\":{\"Service\":\"eks.amazonaws.com\"}}],\"Version\":\"2012-10-17\"}",
            "create_date": "2025-02-16T21:44:24Z",
            "description": "",
            "force_detach_policies": false,
            "id": "rds-access-role",
            "inline_policy": [],
            "managed_policy_arns": [],
            "max_session_duration": 3600,
            "name": "rds-access-role",
            "name_prefix": "",
            "path": "/",
            "permissions_boundary": "",
            "tags": null,
            "tags_all": {},
            "unique_id": "AROAZKDIC2VH4SZDLWMQ7"
          },
          "sensitive_attributes": [],
          "private": "bnVsbA=="
        }
      ]
    },
    {
      "mode": "managed",
      "type": "aws_iam_role_policy_attachment",
      "name": "attach_custom_policy",
      "provider": "provider[\"registry.terraform.io/hashicorp/aws\"]",
      "instances": [
        {
          "schema_version": 0,
          "attributes": {
            "id": "eks-cluster-role-20250216214425984100000005",
            "policy_arn": "arn:aws:iam::640168416591:policy/CustomLoadBalancerPolicy",
            "role": "eks-cluster-role"
          },
          "sensitive_attributes": [],
          "private": "bnVsbA==",
          "dependencies": [
            "aws_iam_policy.custom_load_balancer_policy",
            "aws_iam_role.eks_role"
          ]
        }
      ]
    },
    {
      "mode": "managed",
      "type": "aws_iam_role_policy_attachment",
      "name": "ec2_container_registry_read_only",
      "provider": "provider[\"registry.terraform.io/hashicorp/aws\"]",
      "instances": [
        {
          "schema_version": 0,
          "attributes": {
            "id": "eks-node-role-20250216214426249700000009",
            "policy_arn": "arn:aws:iam::aws:policy/AmazonEC2ContainerRegistryReadOnly",
            "role": "eks-node-role"
          },
          "sensitive_attributes": [],
          "private": "bnVsbA==",
          "dependencies": [
            "aws_iam_role.eks_node_role"
          ]
        }
      ]
    },
    {
      "mode": "managed",
      "type": "aws_iam_role_policy_attachment",
      "name": "eks-AmazonEKSClusterPolicy",
      "provider": "provider[\"registry.terraform.io/hashicorp/aws\"]",
      "instances": [
        {
          "schema_version": 0,
          "attributes": {
            "id": "eks-cluster-role-20250216214425443600000003",
            "policy_arn": "arn:aws:iam::aws:policy/AmazonEKSClusterPolicy",
            "role": "eks-cluster-role"
          },
          "sensitive_attributes": [],
          "private": "bnVsbA==",
          "dependencies": [
            "aws_iam_role.eks_role"
          ]
        }
      ]
    },
    {
      "mode": "managed",
      "type": "aws_iam_role_policy_attachment",
      "name": "eks-AmazonEKSVPCResourceController",
      "provider": "provider[\"registry.terraform.io/hashicorp/aws\"]",
      "instances": [
        {
          "schema_version": 0,
          "attributes": {
            "id": "eks-cluster-role-20250216214425439400000002",
            "policy_arn": "arn:aws:iam::aws:policy/AmazonEKSVPCResourceController",
            "role": "eks-cluster-role"
          },
          "sensitive_attributes": [],
          "private": "bnVsbA==",
          "dependencies": [
            "aws_iam_role.eks_role"
          ]
        }
      ]
    },
    {
      "mode": "managed",
      "type": "aws_iam_role_policy_attachment",
      "name": "eks_cni_policy",
      "provider": "provider[\"registry.terraform.io/hashicorp/aws\"]",
      "instances": [
        {
          "schema_version": 0,
          "attributes": {
            "id": "eks-node-role-20250216214426214500000007",
            "policy_arn": "arn:aws:iam::aws:policy/AmazonEKS_CNI_Policy",
            "role": "eks-node-role"
          },
          "sensitive_attributes": [],
          "private": "bnVsbA==",
          "dependencies": [
            "aws_iam_role.eks_node_role"
          ]
        }
      ]
    },
    {
      "mode": "managed",
      "type": "aws_iam_role_policy_attachment",
      "name": "eks_node_policy_attachment",
      "provider": "provider[\"registry.terraform.io/hashicorp/aws\"]",
      "instances": [
        {
          "schema_version": 0,
          "attributes": {
            "id": "eks-node-role-20250216214426223000000008",
            "policy_arn": "arn:aws:iam::640168416591:policy/eks-node-policy",
            "role": "eks-node-role"
          },
          "sensitive_attributes": [],
          "private": "bnVsbA==",
          "dependencies": [
            "aws_iam_policy.eks_node_policy",
            "aws_iam_role.eks_node_role"
          ]
        }
      ]
    },
    {
      "mode": "managed",
      "type": "aws_iam_role_policy_attachment",
      "name": "eks_restaurante_node_ecr_policy_attachment",
      "provider": "provider[\"registry.terraform.io/hashicorp/aws\"]",
      "instances": [
        {
          "schema_version": 0,
          "attributes": {
            "id": "eks-node-role-2025021621442628410000000a",
            "policy_arn": "arn:aws:iam::aws:policy/AmazonEKSWorkerNodePolicy",
            "role": "eks-node-role"
          },
          "sensitive_attributes": [],
          "private": "bnVsbA==",
          "dependencies": [
            "aws_iam_role.eks_node_role"
          ]
        }
      ]
    },
    {
      "mode": "managed",
      "type": "aws_iam_role_policy_attachment",
      "name": "rds_access_policy_attachment",
      "provider": "provider[\"registry.terraform.io/hashicorp/aws\"]",
      "instances": [
        {
          "schema_version": 0,
          "attributes": {
            "id": "rds-access-role-20250216214425883900000004",
            "policy_arn": "arn:aws:iam::640168416591:policy/rds-access-policy",
            "role": "rds-access-role"
          },
          "sensitive_attributes": [],
          "private": "bnVsbA==",
          "dependencies": [
            "aws_iam_policy.rds_access_policy",
            "aws_iam_role.rds_access_role"
          ]
        }
      ]
    },
    {
      "mode": "managed",
      "type": "aws_instance",
      "name": "db_client",
      "provider": "provider[\"registry.terraform.io/hashicorp/aws\"]",
      "instances": [
        {
          "status": "tainted",
          "schema_version": 1,
          "attributes": {
            "ami": "ami-0ebfd941bbafe70c6",
            "arn": "arn:aws:ec2:us-east-1:640168416591:instance/i-057632b083f0cacce",
            "associate_public_ip_address": true,
            "availability_zone": "us-east-1b",
            "capacity_reservation_specification": [
              {
                "capacity_reservation_preference": "open",
                "capacity_reservation_target": []
              }
            ],
            "cpu_core_count": 1,
            "cpu_options": [
              {
                "amd_sev_snp": "",
                "core_count": 1,
                "threads_per_core": 1
              }
            ],
            "cpu_threads_per_core": 1,
            "credit_specification": [
              {
                "cpu_credits": "standard"
              }
            ],
            "disable_api_stop": false,
            "disable_api_termination": false,
            "ebs_block_device": [],
            "ebs_optimized": false,
            "enable_primary_ipv6": null,
            "enclave_options": [
              {
                "enabled": false
              }
            ],
            "ephemeral_block_device": [],
            "get_password_data": false,
            "hibernation": false,
            "host_id": "",
            "host_resource_group_arn": null,
            "iam_instance_profile": "",
            "id": "i-057632b083f0cacce",
            "instance_initiated_shutdown_behavior": "stop",
            "instance_lifecycle": "",
            "instance_market_options": [],
            "instance_state": "running",
            "instance_type": "t2.micro",
            "ipv6_address_count": 0,
            "ipv6_addresses": [],
            "key_name": "chave-fastfood",
            "launch_template": [],
            "maintenance_options": [
              {
                "auto_recovery": "default"
              }
            ],
            "metadata_options": [
              {
                "http_endpoint": "enabled",
                "http_protocol_ipv6": "disabled",
                "http_put_response_hop_limit": 2,
                "http_tokens": "required",
                "instance_metadata_tags": "disabled"
              }
            ],
            "monitoring": false,
            "network_interface": [],
            "outpost_arn": "",
            "password_data": "",
            "placement_group": "",
            "placement_partition_number": 0,
            "primary_network_interface_id": "eni-089fd0b6e5dd2ab5f",
            "private_dns": "ip-172-31-38-188.ec2.internal",
            "private_dns_name_options": [
              {
                "enable_resource_name_dns_a_record": false,
                "enable_resource_name_dns_aaaa_record": false,
                "hostname_type": "ip-name"
              }
            ],
            "private_ip": "172.31.38.188",
            "public_dns": "ec2-3-80-187-237.compute-1.amazonaws.com",
            "public_ip": "3.80.187.237",
            "root_block_device": [
              {
                "delete_on_termination": true,
                "device_name": "/dev/xvda",
                "encrypted": false,
                "iops": 3000,
                "kms_key_id": "",
                "tags": {},
                "tags_all": {},
                "throughput": 125,
                "volume_id": "vol-07acf905d72c5fa6c",
                "volume_size": 8,
                "volume_type": "gp3"
              }
            ],
            "secondary_private_ips": [],
            "security_groups": [
              "ssh_cluster"
            ],
            "source_dest_check": true,
            "spot_instance_request_id": "",
            "subnet_id": "subnet-0f0336b614208ac0d",
            "tags": null,
            "tags_all": {},
            "tenancy": "default",
            "timeouts": null,
            "user_data": null,
            "user_data_base64": null,
            "user_data_replace_on_change": false,
            "volume_tags": null,
            "vpc_security_group_ids": [
              "sg-01769dd18ffc5849e"
            ]
          },
          "sensitive_attributes": [],
          "private": "eyJlMmJmYjczMC1lY2FhLTExZTYtOGY4OC0zNDM2M2JjN2M0YzAiOnsiY3JlYXRlIjo2MDAwMDAwMDAwMDAsImRlbGV0ZSI6MTIwMDAwMDAwMDAwMCwicmVhZCI6OTAwMDAwMDAwMDAwLCJ1cGRhdGUiOjYwMDAwMDAwMDAwMH0sInNjaGVtYV92ZXJzaW9uIjoiMSJ9",
          "dependencies": [
            "aws_db_instance.postgres_rds_payment",
            "aws_db_instance.postgres_rds_product",
            "aws_db_subnet_group.rds_subnet_group",
            "aws_key_pair.generated_key",
            "aws_security_group.rds_sg",
            "aws_security_group.ssh_cluster_fastfood",
            "data.aws_subnet.subnet",
            "data.aws_subnets.subnets",
            "data.aws_vpc.vpc",
            "tls_private_key.tls_private"
          ]
        }
      ]
    },
    {
      "mode": "managed",
      "type": "aws_key_pair",
      "name": "generated_key",
      "provider": "provider[\"registry.terraform.io/hashicorp/aws\"]",
      "instances": [
        {
          "schema_version": 1,
          "attributes": {
            "arn": "arn:aws:ec2:us-east-1:640168416591:key-pair/chave-fastfood",
            "fingerprint": "0a:c4:47:b9:22:c2:d1:54:62:34:3f:54:6d:1f:34:ec",
            "id": "chave-fastfood",
            "key_name": "chave-fastfood",
            "key_name_prefix": "",
            "key_pair_id": "key-07f1a04ac13ae84bf",
            "key_type": "rsa",
            "public_key": "ssh-rsa AAAAB3NzaC1yc2EAAAADAQABAAABAQDcYS1h0GPybJK0grJefqvtG0PnUYNoBYZGdbLWT7ULn20iwI0HFONwIeh1+ta9SmR/7UWDvDm/WF2Mr/TrZyi8hVySLhH1Hw784pVRWufsI/lOsIiv2IQZjzQlySYYcWNFdZbXV8IjMvO2C/2kZA8/mBeg6iBK8A4Fg6Atb33HR6onppePZ2WS7N56NiJFc1mHXqDdexjdC0LE/U3g54uS+Uu2h4o6u0lzMcYU1FUHbO0SxK38QxG9RUqLHIdgIsY8dEAWi+kJi/m7It3yuSnoK2Sm1+Y8UeONoS0S1tWINTTwf0ctGuyiN4eO/EzYPRh2qL5xVYaWW+mz5QEq/gs1",
            "tags": null,
            "tags_all": {}
          },
          "sensitive_attributes": [],
          "private": "eyJzY2hlbWFfdmVyc2lvbiI6IjEifQ==",
          "dependencies": [
            "tls_private_key.tls_private"
          ]
        }
      ]
    },
    {
      "mode": "managed",
      "type": "aws_lambda_function",
      "name": "auth_function",
      "provider": "provider[\"registry.terraform.io/hashicorp/aws\"]",
      "instances": [
        {
          "schema_version": 0,
          "attributes": {
            "architectures": [
              "x86_64"
            ],
            "arn": "arn:aws:lambda:us-east-1:640168416591:function:authFunction",
            "code_sha256": "OSeRcuuqGqRmUCcnAek3K4bwtCsDJhTGpqMyi+bflvY=",
            "code_signing_config_arn": "",
            "dead_letter_config": [],
            "description": "",
            "environment": [
              {
                "variables": {
                  "COGNITO_CLIENT_ID": "6lo9vmfkgththvi8ifq5c6o4dg",
                  "COGNITO_USER_POOL_ID": "us-east-1_5JR4wnzea"
                }
              }
            ],
            "ephemeral_storage": [
              {
                "size": 512
              }
            ],
            "file_system_config": [],
            "filename": "/home/rdtrancoso/dev/fiap-tech-challenge/terraform/lambda/lambda_function.zip",
            "function_name": "authFunction",
            "handler": "lambda_function.lambda_handler",
            "id": "authFunction",
            "image_config": [],
            "image_uri": "",
            "invoke_arn": "arn:aws:apigateway:us-east-1:lambda:path/2015-03-31/functions/arn:aws:lambda:us-east-1:640168416591:function:authFunction/invocations",
            "kms_key_arn": "",
            "last_modified": "2025-02-16T21:44:31.850+0000",
            "layers": null,
            "logging_config": [
              {
                "application_log_level": "",
                "log_format": "Text",
                "log_group": "/aws/lambda/authFunction",
                "system_log_level": ""
              }
            ],
            "memory_size": 128,
            "package_type": "Zip",
            "publish": false,
            "qualified_arn": "arn:aws:lambda:us-east-1:640168416591:function:authFunction:$LATEST",
            "qualified_invoke_arn": "arn:aws:apigateway:us-east-1:lambda:path/2015-03-31/functions/arn:aws:lambda:us-east-1:640168416591:function:authFunction:$LATEST/invocations",
            "replace_security_groups_on_destroy": null,
            "replacement_security_group_ids": null,
            "reserved_concurrent_executions": -1,
            "role": "arn:aws:iam::640168416591:role/lambda_exec_role",
            "runtime": "python3.8",
            "s3_bucket": null,
            "s3_key": null,
            "s3_object_version": null,
            "signing_job_arn": "",
            "signing_profile_version_arn": "",
            "skip_destroy": false,
            "snap_start": [],
            "source_code_hash": "",
            "source_code_size": 9566,
            "tags": null,
            "tags_all": {},
            "timeout": 10,
            "timeouts": null,
            "tracing_config": [
              {
                "mode": "PassThrough"
              }
            ],
            "version": "$LATEST",
            "vpc_config": []
          },
          "sensitive_attributes": [],
          "private": "eyJlMmJmYjczMC1lY2FhLTExZTYtOGY4OC0zNDM2M2JjN2M0YzAiOnsiY3JlYXRlIjo2MDAwMDAwMDAwMDAsImRlbGV0ZSI6NjAwMDAwMDAwMDAwLCJ1cGRhdGUiOjYwMDAwMDAwMDAwMH19",
          "dependencies": [
            "aws_cognito_user_pool.fastfood_user_pool",
            "aws_cognito_user_pool_client.fastfood_app_client",
            "aws_iam_role.lambda_exec_role"
          ],
          "create_before_destroy": true
        }
      ]
    },
    {
      "mode": "managed",
      "type": "aws_lambda_permission",
      "name": "allow_api_gateway",
      "provider": "provider[\"registry.terraform.io/hashicorp/aws\"]",
      "instances": [
        {
          "schema_version": 0,
          "attributes": {
            "action": "lambda:InvokeFunction",
            "event_source_token": null,
            "function_name": "authFunction",
            "function_url_auth_type": null,
            "id": "AllowExecutionFromAPIGateway",
            "principal": "apigateway.amazonaws.com",
            "principal_org_id": null,
            "qualifier": "",
            "source_account": null,
            "source_arn": null,
            "statement_id": "AllowExecutionFromAPIGateway",
            "statement_id_prefix": ""
          },
          "sensitive_attributes": [],
          "private": "bnVsbA==",
          "dependencies": [
            "aws_cognito_user_pool.fastfood_user_pool",
            "aws_cognito_user_pool_client.fastfood_app_client",
            "aws_iam_role.lambda_exec_role",
            "aws_lambda_function.auth_function"
          ]
        }
      ]
    },
    {
      "mode": "managed",
      "type": "aws_secretsmanager_secret",
      "name": "fastfood",
      "provider": "provider[\"registry.terraform.io/hashicorp/aws\"]",
      "instances": [
        {
          "schema_version": 0,
          "attributes": {
            "arn": "arn:aws:secretsmanager:us-east-1:640168416591:secret:keypair-fastfood-OQC0xP",
            "description": "",
            "force_overwrite_replica_secret": false,
            "id": "arn:aws:secretsmanager:us-east-1:640168416591:secret:keypair-fastfood-OQC0xP",
            "kms_key_id": "",
            "name": "keypair-fastfood",
            "name_prefix": "",
            "policy": "",
            "recovery_window_in_days": 30,
            "replica": [],
            "tags": null,
            "tags_all": {}
          },
          "sensitive_attributes": [],
          "private": "bnVsbA=="
        }
      ]
    },
    {
      "mode": "managed",
      "type": "aws_secretsmanager_secret_version",
      "name": "fastfood",
      "provider": "provider[\"registry.terraform.io/hashicorp/aws\"]",
      "instances": [
        {
          "schema_version": 0,
          "attributes": {
            "arn": "arn:aws:secretsmanager:us-east-1:640168416591:secret:keypair-fastfood-OQC0xP",
            "id": "arn:aws:secretsmanager:us-east-1:640168416591:secret:keypair-fastfood-OQC0xP|terraform-20250216214426180700000006",
            "secret_binary": "",
            "secret_id": "arn:aws:secretsmanager:us-east-1:640168416591:secret:keypair-fastfood-OQC0xP",
            "secret_string": "{\"KeyName\":\"chave-fastfood\",\"PEM\":\"-----BEGIN RSA PRIVATE KEY-----\\nMIIEpAIBAAKCAQEA3GEtYdBj8myStIKyXn6r7RtD51GDaAWGRnWy1k+1C59tIsCN\\nBxTjcCHodfrWvUpkf+1Fg7w5v1hdjK/062covIVcki4R9R8O/OKVUVrn7CP5TrCI\\nr9iEGY80JckmGHFjRXWW11fCIzLztgv9pGQPP5gXoOogSvAOBYOgLW99x0eqJ6aX\\nj2dlkuzeejYiRXNZh16g3XsY3QtCxP1N4OeLkvlLtoeKOrtJczHGFNRVB2ztEsSt\\n/EMRvUVKixyHYCLGPHRAFovpCYv5uyLd8rkp6CtkptfmPFHjjaEtEtbViDU08H9H\\nLRrsojeHjvxM2D0Ydqi+cVWGllvps+UBKv4LNQIDAQABAoIBAQCWEA3o9w+3ubrD\\n8+MleTf1AoXgc575LBnczLR0Pl5Xhb241kixs8WTS2ORQrcKuido/NZC996Srsc0\\nz3QE/3+7r0vzti9ALF/2TwvCFBass2pF7OuGYfbBuMOXnzqzljI0z/dgtz9Y3I8b\\nPVr/n6rKcPRV/Fb08DV8B78AcVTCZoRf7Nbxmgj5leCSSZ9IM2UecR+uNW7Gi6JE\\n1ZfnhQdfmiggA41TEVatiyhLtqt4lY1BcJAYKdn4qPEnIdS9ZAQY2ndhXjknVRLO\\ntEDX+9dTDPYQg7NM+xDfmBXIXbVGFH+xmW3hN7UrPUbS6zxzX5TFcGvewkSFs55m\\nbWJbSR9ZAoGBAPjphXvGFwYhp0H08IG+pTzcIGsL8MQfubcBq7C6LPDPl9x9uaiw\\n0IYgTRtGj0vcp9UgJPlz36x8bnWDpyflgS0AUv7kjuwktOjVCcsWZEV99MOMqSUH\\nxMJlS0oUFLTNz5I/NcYuTYyIOVhoivrDyOT3+62rmKdOEdC0yYxZ3qwnAoGBAOKn\\nqejAWQsPTEbCC0b09Gy3yCDH1tQFx85rTyeFuJpkd1C2vyRPDlqmPCmIcEtQX3oY\\nPstZQcdJy2IOc5KJ92uomuoXmjCSSiQGm1G7aUiySTWaHvIfcElyiciDN/KPutA3\\npH0i+rn6A8Vvg8L15plTEkBDsGS/34L8K96v5jtDAoGBAKVySphHxbv8mHj9vvLu\\nblRymFWuvR0PXVjoEl/Ij+CMi4syQjp/NEtCox3TG6I4C5Jc6Faqj2zN1HnlxTB+\\nmwr3YTMtZlZN27W7DORhgMqz+wITt8X2UPFJdO7LRCwddK/nte2Bj2guj7dU3bPq\\neNjAgBgiq7fg63SHBkR0484XAoGAIs48eVGQWvJudC84LB1Rq6BNSztk8goxNLGl\\n5hvSzWLAL9TgZWL+gU0lz/rzw50EDGvMuM1sHH5ojRZLCSXGqPGrWGdndi4A1Kdv\\nEo4FDPTT6TdRqTzKsXy1S+VaohUQSwlAaTcF6alLCvak9Tttvf3Tv6qlW9NbL3Iq\\nCnhYkqECgYBYkDDBB1HqjN7MCYDwriUus3DPi6YfsmUXC+4VepZmE8M9/P/L++d7\\nf/xACEUo5mt1juVlH/p53HdWNrPKNaGn+rNfOvkkk/qjjhsVMgOKDpPsb6Tk0Efr\\nzzTyokPMlTEFnrwktYipx0d8Tbwg+IAYroDaWsZOyTeFI6tGA5oEvw==\\n-----END RSA PRIVATE KEY-----\\n\",\"RSAPUB\":\"ssh-rsa AAAAB3NzaC1yc2EAAAADAQABAAABAQDcYS1h0GPybJK0grJefqvtG0PnUYNoBYZGdbLWT7ULn20iwI0HFONwIeh1+ta9SmR/7UWDvDm/WF2Mr/TrZyi8hVySLhH1Hw784pVRWufsI/lOsIiv2IQZjzQlySYYcWNFdZbXV8IjMvO2C/2kZA8/mBeg6iBK8A4Fg6Atb33HR6onppePZ2WS7N56NiJFc1mHXqDdexjdC0LE/U3g54uS+Uu2h4o6u0lzMcYU1FUHbO0SxK38QxG9RUqLHIdgIsY8dEAWi+kJi/m7It3yuSnoK2Sm1+Y8UeONoS0S1tWINTTwf0ctGuyiN4eO/EzYPRh2qL5xVYaWW+mz5QEq/gs1\\n\"}",
            "version_id": "terraform-20250216214426180700000006",
            "version_stages": [
              "AWSCURRENT"
            ]
          },
          "sensitive_attributes": [
            [
              {
                "type": "get_attr",
                "value": "secret_binary"
              }
            ],
            [
              {
                "type": "get_attr",
                "value": "secret_string"
              }
            ]
          ],
          "private": "bnVsbA==",
          "dependencies": [
            "aws_key_pair.generated_key",
            "aws_secretsmanager_secret.fastfood",
            "tls_private_key.tls_private"
          ]
        }
      ]
    },
    {
      "mode": "managed",
      "type": "aws_security_group",
      "name": "rds_sg",
      "provider": "provider[\"registry.terraform.io/hashicorp/aws\"]",
      "instances": [
        {
          "schema_version": 1,
          "attributes": {
            "arn": "arn:aws:ec2:us-east-1:640168416591:security-group/sg-0bf4f99d88cfad836",
            "description": "Security group for RDS",
            "egress": [],
            "id": "sg-0bf4f99d88cfad836",
            "ingress": [],
            "name": "rds-security-group",
            "name_prefix": "",
            "owner_id": "640168416591",
            "revoke_rules_on_delete": false,
            "tags": null,
            "tags_all": {},
            "timeouts": null,
            "vpc_id": "vpc-0acdf9fd58fa5fede"
          },
          "sensitive_attributes": [],
          "private": "eyJlMmJmYjczMC1lY2FhLTExZTYtOGY4OC0zNDM2M2JjN2M0YzAiOnsiY3JlYXRlIjo2MDAwMDAwMDAwMDAsImRlbGV0ZSI6OTAwMDAwMDAwMDAwfSwic2NoZW1hX3ZlcnNpb24iOiIxIn0=",
          "dependencies": [
            "data.aws_vpc.vpc"
          ]
        }
      ]
    },
    {
      "mode": "managed",
      "type": "aws_security_group",
      "name": "ssh_cluster_fastfood",
      "provider": "provider[\"registry.terraform.io/hashicorp/aws\"]",
      "instances": [
        {
          "schema_version": 1,
          "attributes": {
            "arn": "arn:aws:ec2:us-east-1:640168416591:security-group/sg-01769dd18ffc5849e",
            "description": "Managed by Terraform",
            "egress": [],
            "id": "sg-01769dd18ffc5849e",
            "ingress": [],
            "name": "ssh_cluster",
            "name_prefix": "",
            "owner_id": "640168416591",
            "revoke_rules_on_delete": false,
            "tags": null,
            "tags_all": {},
            "timeouts": null,
            "vpc_id": "vpc-0acdf9fd58fa5fede"
          },
          "sensitive_attributes": [],
          "private": "eyJlMmJmYjczMC1lY2FhLTExZTYtOGY4OC0zNDM2M2JjN2M0YzAiOnsiY3JlYXRlIjo2MDAwMDAwMDAwMDAsImRlbGV0ZSI6OTAwMDAwMDAwMDAwfSwic2NoZW1hX3ZlcnNpb24iOiIxIn0=",
          "dependencies": [
            "data.aws_vpc.vpc"
          ]
        }
      ]
    },
    {
      "mode": "managed",
      "type": "aws_security_group_rule",
      "name": "http",
      "provider": "provider[\"registry.terraform.io/hashicorp/aws\"]",
      "instances": [
        {
          "schema_version": 2,
          "attributes": {
            "cidr_blocks": [
              "0.0.0.0/0"
            ],
            "description": null,
            "from_port": 8080,
            "id": "sgrule-169043611",
            "ipv6_cidr_blocks": null,
            "prefix_list_ids": null,
            "protocol": "tcp",
            "security_group_id": "sg-01769dd18ffc5849e",
            "security_group_rule_id": "sgr-01623e640d04e388a",
            "self": false,
            "source_security_group_id": null,
            "timeouts": null,
            "to_port": 8080,
            "type": "ingress"
          },
          "sensitive_attributes": [],
          "private": "eyJlMmJmYjczMC1lY2FhLTExZTYtOGY4OC0zNDM2M2JjN2M0YzAiOnsiY3JlYXRlIjozMDAwMDAwMDAwMDB9LCJzY2hlbWFfdmVyc2lvbiI6IjIifQ==",
          "dependencies": [
            "aws_security_group.ssh_cluster_fastfood",
            "data.aws_vpc.vpc"
          ]
        }
      ]
    },
    {
      "mode": "managed",
      "type": "aws_security_group_rule",
      "name": "http_80",
      "provider": "provider[\"registry.terraform.io/hashicorp/aws\"]",
      "instances": [
        {
          "schema_version": 2,
          "attributes": {
            "cidr_blocks": [
              "0.0.0.0/0"
            ],
            "description": null,
            "from_port": 80,
            "id": "sgrule-1686121387",
            "ipv6_cidr_blocks": null,
            "prefix_list_ids": null,
            "protocol": "tcp",
            "security_group_id": "sg-01769dd18ffc5849e",
            "security_group_rule_id": "sgr-09653db12ccd1789d",
            "self": false,
            "source_security_group_id": null,
            "timeouts": null,
            "to_port": 80,
            "type": "ingress"
          },
          "sensitive_attributes": [],
          "private": "eyJlMmJmYjczMC1lY2FhLTExZTYtOGY4OC0zNDM2M2JjN2M0YzAiOnsiY3JlYXRlIjozMDAwMDAwMDAwMDB9LCJzY2hlbWFfdmVyc2lvbiI6IjIifQ==",
          "dependencies": [
            "aws_security_group.ssh_cluster_fastfood",
            "data.aws_vpc.vpc"
          ]
        }
      ]
    },
    {
      "mode": "managed",
      "type": "aws_security_group_rule",
      "name": "https",
      "provider": "provider[\"registry.terraform.io/hashicorp/aws\"]",
      "instances": [
        {
          "schema_version": 2,
          "attributes": {
            "cidr_blocks": [
              "0.0.0.0/0"
            ],
            "description": null,
            "from_port": 443,
            "id": "sgrule-1198299664",
            "ipv6_cidr_blocks": null,
            "prefix_list_ids": null,
            "protocol": "tcp",
            "security_group_id": "sg-01769dd18ffc5849e",
            "security_group_rule_id": "sgr-01d490a802e6a7f9b",
            "self": false,
            "source_security_group_id": null,
            "timeouts": null,
            "to_port": 443,
            "type": "ingress"
          },
          "sensitive_attributes": [],
          "private": "eyJlMmJmYjczMC1lY2FhLTExZTYtOGY4OC0zNDM2M2JjN2M0YzAiOnsiY3JlYXRlIjozMDAwMDAwMDAwMDB9LCJzY2hlbWFfdmVyc2lvbiI6IjIifQ==",
          "dependencies": [
            "aws_security_group.ssh_cluster_fastfood",
            "data.aws_vpc.vpc"
          ]
        }
      ]
    },
    {
      "mode": "managed",
      "type": "aws_security_group_rule",
      "name": "rds_in",
      "provider": "provider[\"registry.terraform.io/hashicorp/aws\"]",
      "instances": [
        {
          "schema_version": 2,
          "attributes": {
            "cidr_blocks": [
              "172.31.0.0/16"
            ],
            "description": null,
            "from_port": 5432,
            "id": "sgrule-2608845827",
            "ipv6_cidr_blocks": null,
            "prefix_list_ids": null,
            "protocol": "tcp",
            "security_group_id": "sg-0bf4f99d88cfad836",
            "security_group_rule_id": "sgr-005d1cc1a21d440a4",
            "self": false,
            "source_security_group_id": null,
            "timeouts": null,
            "to_port": 5432,
            "type": "ingress"
          },
          "sensitive_attributes": [],
          "private": "eyJlMmJmYjczMC1lY2FhLTExZTYtOGY4OC0zNDM2M2JjN2M0YzAiOnsiY3JlYXRlIjozMDAwMDAwMDAwMDB9LCJzY2hlbWFfdmVyc2lvbiI6IjIifQ==",
          "dependencies": [
            "aws_security_group.rds_sg",
            "data.aws_vpc.vpc"
          ]
        }
      ]
    },
    {
      "mode": "managed",
      "type": "aws_security_group_rule",
      "name": "rds_out",
      "provider": "provider[\"registry.terraform.io/hashicorp/aws\"]",
      "instances": [
        {
          "schema_version": 2,
          "attributes": {
            "cidr_blocks": [
              "0.0.0.0/0"
            ],
            "description": null,
            "from_port": 0,
            "id": "sgrule-200563816",
            "ipv6_cidr_blocks": null,
            "prefix_list_ids": null,
            "protocol": "-1",
            "security_group_id": "sg-0bf4f99d88cfad836",
            "security_group_rule_id": "sgr-01da2a11d69a5a921",
            "self": false,
            "source_security_group_id": null,
            "timeouts": null,
            "to_port": 0,
            "type": "egress"
          },
          "sensitive_attributes": [],
          "private": "eyJlMmJmYjczMC1lY2FhLTExZTYtOGY4OC0zNDM2M2JjN2M0YzAiOnsiY3JlYXRlIjozMDAwMDAwMDAwMDB9LCJzY2hlbWFfdmVyc2lvbiI6IjIifQ==",
          "dependencies": [
            "aws_security_group.rds_sg",
            "data.aws_vpc.vpc"
          ]
        }
      ]
    },
    {
      "mode": "managed",
      "type": "aws_security_group_rule",
      "name": "ssh_cluster_in",
      "provider": "provider[\"registry.terraform.io/hashicorp/aws\"]",
      "instances": [
        {
          "schema_version": 2,
          "attributes": {
            "cidr_blocks": [
              "0.0.0.0/0"
            ],
            "description": null,
            "from_port": 22,
            "id": "sgrule-3523900958",
            "ipv6_cidr_blocks": null,
            "prefix_list_ids": null,
            "protocol": "tcp",
            "security_group_id": "sg-01769dd18ffc5849e",
            "security_group_rule_id": "sgr-068c4e72b7ec2e1fd",
            "self": false,
            "source_security_group_id": null,
            "timeouts": null,
            "to_port": 22,
            "type": "ingress"
          },
          "sensitive_attributes": [],
          "private": "eyJlMmJmYjczMC1lY2FhLTExZTYtOGY4OC0zNDM2M2JjN2M0YzAiOnsiY3JlYXRlIjozMDAwMDAwMDAwMDB9LCJzY2hlbWFfdmVyc2lvbiI6IjIifQ==",
          "dependencies": [
            "aws_security_group.ssh_cluster_fastfood",
            "data.aws_vpc.vpc"
          ]
        }
      ]
    },
    {
      "mode": "managed",
      "type": "aws_security_group_rule",
      "name": "ssh_cluster_out",
      "provider": "provider[\"registry.terraform.io/hashicorp/aws\"]",
      "instances": [
        {
          "schema_version": 2,
          "attributes": {
            "cidr_blocks": [
              "0.0.0.0/0"
            ],
            "description": null,
            "from_port": 0,
            "id": "sgrule-1032889156",
            "ipv6_cidr_blocks": null,
            "prefix_list_ids": null,
            "protocol": "-1",
            "security_group_id": "sg-01769dd18ffc5849e",
            "security_group_rule_id": "sgr-0bd63a864b6c8d7c9",
            "self": false,
            "source_security_group_id": null,
            "timeouts": null,
            "to_port": 0,
            "type": "egress"
          },
          "sensitive_attributes": [],
          "private": "eyJlMmJmYjczMC1lY2FhLTExZTYtOGY4OC0zNDM2M2JjN2M0YzAiOnsiY3JlYXRlIjozMDAwMDAwMDAwMDB9LCJzY2hlbWFfdmVyc2lvbiI6IjIifQ==",
          "dependencies": [
            "aws_security_group.ssh_cluster_fastfood",
            "data.aws_vpc.vpc"
          ]
        }
      ]
    },
    {
      "mode": "managed",
      "type": "null_resource",
      "name": "init_dynamodb",
      "provider": "provider[\"registry.terraform.io/hashicorp/null\"]",
      "instances": [
        {
          "status": "tainted",
          "schema_version": 0,
          "attributes": {
            "id": "4463225223414176382",
            "triggers": null
          },
          "sensitive_attributes": [],
          "dependencies": [
            "aws_dynamodb_table.order_table"
          ]
        }
      ]
    },
    {
      "mode": "managed",
      "type": "tls_private_key",
      "name": "tls_private",
      "provider": "provider[\"registry.terraform.io/hashicorp/tls\"]",
      "instances": [
        {
          "schema_version": 1,
          "attributes": {
            "algorithm": "RSA",
            "ecdsa_curve": "P384",
            "id": "ad06b5093f4d3d9c32966ef5e15842c6b717d7ad",
            "private_key_openssh": "-----BEGIN OPENSSH PRIVATE KEY-----\nb3BlbnNzaC1rZXktdjEAAAAABG5vbmUAAAAEbm9uZQAAAAAAAAABAAABFwAAAAdz\nc2gtcnNhAAAAAwEAAQAAAQEA3GEtYdBj8myStIKyXn6r7RtD51GDaAWGRnWy1k+1\nC59tIsCNBxTjcCHodfrWvUpkf+1Fg7w5v1hdjK/062covIVcki4R9R8O/OKVUVrn\n7CP5TrCIr9iEGY80JckmGHFjRXWW11fCIzLztgv9pGQPP5gXoOogSvAOBYOgLW99\nx0eqJ6aXj2dlkuzeejYiRXNZh16g3XsY3QtCxP1N4OeLkvlLtoeKOrtJczHGFNRV\nB2ztEsSt/EMRvUVKixyHYCLGPHRAFovpCYv5uyLd8rkp6CtkptfmPFHjjaEtEtbV\niDU08H9HLRrsojeHjvxM2D0Ydqi+cVWGllvps+UBKv4LNQAAA7gZQKRTGUCkUwAA\nAAdzc2gtcnNhAAABAQDcYS1h0GPybJK0grJefqvtG0PnUYNoBYZGdbLWT7ULn20i\nwI0HFONwIeh1+ta9SmR/7UWDvDm/WF2Mr/TrZyi8hVySLhH1Hw784pVRWufsI/lO\nsIiv2IQZjzQlySYYcWNFdZbXV8IjMvO2C/2kZA8/mBeg6iBK8A4Fg6Atb33HR6on\nppePZ2WS7N56NiJFc1mHXqDdexjdC0LE/U3g54uS+Uu2h4o6u0lzMcYU1FUHbO0S\nxK38QxG9RUqLHIdgIsY8dEAWi+kJi/m7It3yuSnoK2Sm1+Y8UeONoS0S1tWINTTw\nf0ctGuyiN4eO/EzYPRh2qL5xVYaWW+mz5QEq/gs1AAAAAwEAAQAAAQEAlhAN6PcP\nt7m6w/PjJXk39QKF4HOe+SwZ3My0dD5eV4W9uNZIsbPFk0tjkUK3CronaPzWQvfe\nkq7HNM90BP9/u69L87YvQCxf9k8LwhQWrLNqRezrhmH2wbjDl586s5YyNM/3YLc/\nWNyPGz1a/5+qynD0VfxW9PA1fAe/AHFUwmaEX+zW8ZoI+ZXgkkmfSDNlHnEfrjVu\nxouiRNWX54UHX5ooIAONUxFWrYsoS7areJWNQXCQGCnZ+KjxJyHUvWQEGNp3YV45\nJ1USzrRA1/vXUwz2EIOzTPsQ35gVyF21RhR/sZlt4Te1Kz1G0us8c1+UxXBr3sJE\nhbOeZm1iW0kfWQAAAIBYkDDBB1HqjN7MCYDwriUus3DPi6YfsmUXC+4VepZmE8M9\n/P/L++d7f/xACEUo5mt1juVlH/p53HdWNrPKNaGn+rNfOvkkk/qjjhsVMgOKDpPs\nb6Tk0EfrzzTyokPMlTEFnrwktYipx0d8Tbwg+IAYroDaWsZOyTeFI6tGA5oEvwAA\nAIEA+OmFe8YXBiGnQfTwgb6lPNwgawvwxB+5twGrsLos8M+X3H25qLDQhiBNG0aP\nS9yn1SAk+XPfrHxudYOnJ+WBLQBS/uSO7CS06NUJyxZkRX30w4ypJQfEwmVLShQU\ntM3Pkj81xi5NjIg5WGiK+sPI5Pf7rauYp04R0LTJjFnerCcAAACBAOKnqejAWQsP\nTEbCC0b09Gy3yCDH1tQFx85rTyeFuJpkd1C2vyRPDlqmPCmIcEtQX3oYPstZQcdJ\ny2IOc5KJ92uomuoXmjCSSiQGm1G7aUiySTWaHvIfcElyiciDN/KPutA3pH0i+rn6\nA8Vvg8L15plTEkBDsGS/34L8K96v5jtDAAAAAAEC\n-----END OPENSSH PRIVATE KEY-----\n",
            "private_key_pem": "-----BEGIN RSA PRIVATE KEY-----\nMIIEpAIBAAKCAQEA3GEtYdBj8myStIKyXn6r7RtD51GDaAWGRnWy1k+1C59tIsCN\nBxTjcCHodfrWvUpkf+1Fg7w5v1hdjK/062covIVcki4R9R8O/OKVUVrn7CP5TrCI\nr9iEGY80JckmGHFjRXWW11fCIzLztgv9pGQPP5gXoOogSvAOBYOgLW99x0eqJ6aX\nj2dlkuzeejYiRXNZh16g3XsY3QtCxP1N4OeLkvlLtoeKOrtJczHGFNRVB2ztEsSt\n/EMRvUVKixyHYCLGPHRAFovpCYv5uyLd8rkp6CtkptfmPFHjjaEtEtbViDU08H9H\nLRrsojeHjvxM2D0Ydqi+cVWGllvps+UBKv4LNQIDAQABAoIBAQCWEA3o9w+3ubrD\n8+MleTf1AoXgc575LBnczLR0Pl5Xhb241kixs8WTS2ORQrcKuido/NZC996Srsc0\nz3QE/3+7r0vzti9ALF/2TwvCFBass2pF7OuGYfbBuMOXnzqzljI0z/dgtz9Y3I8b\nPVr/n6rKcPRV/Fb08DV8B78AcVTCZoRf7Nbxmgj5leCSSZ9IM2UecR+uNW7Gi6JE\n1ZfnhQdfmiggA41TEVatiyhLtqt4lY1BcJAYKdn4qPEnIdS9ZAQY2ndhXjknVRLO\ntEDX+9dTDPYQg7NM+xDfmBXIXbVGFH+xmW3hN7UrPUbS6zxzX5TFcGvewkSFs55m\nbWJbSR9ZAoGBAPjphXvGFwYhp0H08IG+pTzcIGsL8MQfubcBq7C6LPDPl9x9uaiw\n0IYgTRtGj0vcp9UgJPlz36x8bnWDpyflgS0AUv7kjuwktOjVCcsWZEV99MOMqSUH\nxMJlS0oUFLTNz5I/NcYuTYyIOVhoivrDyOT3+62rmKdOEdC0yYxZ3qwnAoGBAOKn\nqejAWQsPTEbCC0b09Gy3yCDH1tQFx85rTyeFuJpkd1C2vyRPDlqmPCmIcEtQX3oY\nPstZQcdJy2IOc5KJ92uomuoXmjCSSiQGm1G7aUiySTWaHvIfcElyiciDN/KPutA3\npH0i+rn6A8Vvg8L15plTEkBDsGS/34L8K96v5jtDAoGBAKVySphHxbv8mHj9vvLu\nblRymFWuvR0PXVjoEl/Ij+CMi4syQjp/NEtCox3TG6I4C5Jc6Faqj2zN1HnlxTB+\nmwr3YTMtZlZN27W7DORhgMqz+wITt8X2UPFJdO7LRCwddK/nte2Bj2guj7dU3bPq\neNjAgBgiq7fg63SHBkR0484XAoGAIs48eVGQWvJudC84LB1Rq6BNSztk8goxNLGl\n5hvSzWLAL9TgZWL+gU0lz/rzw50EDGvMuM1sHH5ojRZLCSXGqPGrWGdndi4A1Kdv\nEo4FDPTT6TdRqTzKsXy1S+VaohUQSwlAaTcF6alLCvak9Tttvf3Tv6qlW9NbL3Iq\nCnhYkqECgYBYkDDBB1HqjN7MCYDwriUus3DPi6YfsmUXC+4VepZmE8M9/P/L++d7\nf/xACEUo5mt1juVlH/p53HdWNrPKNaGn+rNfOvkkk/qjjhsVMgOKDpPsb6Tk0Efr\nzzTyokPMlTEFnrwktYipx0d8Tbwg+IAYroDaWsZOyTeFI6tGA5oEvw==\n-----END RSA PRIVATE KEY-----\n",
            "private_key_pem_pkcs8": "-----BEGIN PRIVATE KEY-----\nMIIEvgIBADANBgkqhkiG9w0BAQEFAASCBKgwggSkAgEAAoIBAQDcYS1h0GPybJK0\ngrJefqvtG0PnUYNoBYZGdbLWT7ULn20iwI0HFONwIeh1+ta9SmR/7UWDvDm/WF2M\nr/TrZyi8hVySLhH1Hw784pVRWufsI/lOsIiv2IQZjzQlySYYcWNFdZbXV8IjMvO2\nC/2kZA8/mBeg6iBK8A4Fg6Atb33HR6onppePZ2WS7N56NiJFc1mHXqDdexjdC0LE\n/U3g54uS+Uu2h4o6u0lzMcYU1FUHbO0SxK38QxG9RUqLHIdgIsY8dEAWi+kJi/m7\nIt3yuSnoK2Sm1+Y8UeONoS0S1tWINTTwf0ctGuyiN4eO/EzYPRh2qL5xVYaWW+mz\n5QEq/gs1AgMBAAECggEBAJYQDej3D7e5usPz4yV5N/UCheBznvksGdzMtHQ+XleF\nvbjWSLGzxZNLY5FCtwq6J2j81kL33pKuxzTPdAT/f7uvS/O2L0AsX/ZPC8IUFqyz\nakXs64Zh9sG4w5efOrOWMjTP92C3P1jcjxs9Wv+fqspw9FX8VvTwNXwHvwBxVMJm\nhF/s1vGaCPmV4JJJn0gzZR5xH641bsaLokTVl+eFB1+aKCADjVMRVq2LKEu2q3iV\njUFwkBgp2fio8Sch1L1kBBjad2FeOSdVEs60QNf711MM9hCDs0z7EN+YFchdtUYU\nf7GZbeE3tSs9RtLrPHNflMVwa97CRIWznmZtYltJH1kCgYEA+OmFe8YXBiGnQfTw\ngb6lPNwgawvwxB+5twGrsLos8M+X3H25qLDQhiBNG0aPS9yn1SAk+XPfrHxudYOn\nJ+WBLQBS/uSO7CS06NUJyxZkRX30w4ypJQfEwmVLShQUtM3Pkj81xi5NjIg5WGiK\n+sPI5Pf7rauYp04R0LTJjFnerCcCgYEA4qep6MBZCw9MRsILRvT0bLfIIMfW1AXH\nzmtPJ4W4mmR3ULa/JE8OWqY8KYhwS1Bfehg+y1lBx0nLYg5zkon3a6ia6heaMJJK\nJAabUbtpSLJJNZoe8h9wSXKJyIM38o+60DekfSL6ufoDxW+DwvXmmVMSQEOwZL/f\ngvwr3q/mO0MCgYEApXJKmEfFu/yYeP2+8u5uVHKYVa69HQ9dWOgSX8iP4IyLizJC\nOn80S0KjHdMbojgLklzoVqqPbM3UeeXFMH6bCvdhMy1mVk3btbsM5GGAyrP7AhO3\nxfZQ8Ul07stELB10r+e17YGPaC6Pt1Tds+p42MCAGCKrt+DrdIcGRHTjzhcCgYAi\nzjx5UZBa8m50LzgsHVGroE1LO2TyCjE0saXmG9LNYsAv1OBlYv6BTSXP+vPDnQQM\na8y4zWwcfmiNFksJJcao8atYZ2d2LgDUp28SjgUM9NPpN1GpPMqxfLVL5VqiFRBL\nCUBpNwXpqUsK9qT1O229/dO/qqVb01svcioKeFiSoQKBgFiQMMEHUeqM3swJgPCu\nJS6zcM+Lph+yZRcL7hV6lmYTwz38/8v753t//EAIRSjma3WO5WUf+nncd1Y2s8o1\noaf6s186+SST+qOOGxUyA4oOk+xvpOTQR+vPNPKiQ8yVMQWevCS1iKnHR3xNvCD4\ngBiugNpaxk7JN4Ujq0YDmgS/\n-----END PRIVATE KEY-----\n",
            "public_key_fingerprint_md5": "0f:d6:41:73:f9:58:6f:8b:0a:08:3b:4f:4d:54:f3:1d",
            "public_key_fingerprint_sha256": "SHA256:cKzP3yNTbyXno2IR6c5pUXEmpVDaCPfhPNlL0+YSDRI",
            "public_key_openssh": "ssh-rsa AAAAB3NzaC1yc2EAAAADAQABAAABAQDcYS1h0GPybJK0grJefqvtG0PnUYNoBYZGdbLWT7ULn20iwI0HFONwIeh1+ta9SmR/7UWDvDm/WF2Mr/TrZyi8hVySLhH1Hw784pVRWufsI/lOsIiv2IQZjzQlySYYcWNFdZbXV8IjMvO2C/2kZA8/mBeg6iBK8A4Fg6Atb33HR6onppePZ2WS7N56NiJFc1mHXqDdexjdC0LE/U3g54uS+Uu2h4o6u0lzMcYU1FUHbO0SxK38QxG9RUqLHIdgIsY8dEAWi+kJi/m7It3yuSnoK2Sm1+Y8UeONoS0S1tWINTTwf0ctGuyiN4eO/EzYPRh2qL5xVYaWW+mz5QEq/gs1\n",
            "public_key_pem": "-----BEGIN PUBLIC KEY-----\nMIIBIjANBgkqhkiG9w0BAQEFAAOCAQ8AMIIBCgKCAQEA3GEtYdBj8myStIKyXn6r\n7RtD51GDaAWGRnWy1k+1C59tIsCNBxTjcCHodfrWvUpkf+1Fg7w5v1hdjK/062co\nvIVcki4R9R8O/OKVUVrn7CP5TrCIr9iEGY80JckmGHFjRXWW11fCIzLztgv9pGQP\nP5gXoOogSvAOBYOgLW99x0eqJ6aXj2dlkuzeejYiRXNZh16g3XsY3QtCxP1N4OeL\nkvlLtoeKOrtJczHGFNRVB2ztEsSt/EMRvUVKixyHYCLGPHRAFovpCYv5uyLd8rkp\n6CtkptfmPFHjjaEtEtbViDU08H9HLRrsojeHjvxM2D0Ydqi+cVWGllvps+UBKv4L\nNQIDAQAB\n-----END PUBLIC KEY-----\n",
            "rsa_bits": 2048
          },
          "sensitive_attributes": [
            [
              {
                "type": "get_attr",
                "value": "private_key_openssh"
              }
            ],
            [
              {
                "type": "get_attr",
                "value": "private_key_pem"
              }
            ],
            [
              {
                "type": "get_attr",
                "value": "private_key_pem_pkcs8"
              }
            ]
          ]
        }
      ]
    }
  ],
  "check_results": null
}
